
Microsoft Visual Studio Solution File, Format Version 12.00
# Visual Studio 2013
VisualStudioVersion = 12.0.40629.0
MinimumVisualStudioVersion = 10.0.40219.1
Project("{2150E333-8FDC-42A3-9474-1A3956D46DE8}") = "Frame", "Frame", "{610EFB3F-1860-4E61-A3E3-0BF5E9DD9813}"
EndProject
Project("{8BC9CEB8-8B4A-11D0-8D11-00A0C91BC942}") = "ExternLib", "..\Frame\ExternLib\ExternLib.vcxproj", "{434F7ABC-F0C2-4172-A5A1-DEC5371EDBD1}"
EndProject
Project("{8BC9CEB8-8B4A-11D0-8D11-00A0C91BC942}") = "Public", "..\Frame\Public\Public.vcxproj", "{91E2FF01-98F6-4451-955B-A3BA10625045}"
EndProject
Project("{8BC9CEB8-8B4A-11D0-8D11-00A0C91BC942}") = "PublicX", "..\Frame\PublicX\PublicX.vcxproj", "{9D2D7037-7A46-4002-AE76-163E9CBF73EE}"
EndProject
Project("{8BC9CEB8-8B4A-11D0-8D11-00A0C91BC942}") = "PubMix", "..\Frame\PubMix\PubMix.vcxproj", "{CA6076AA-DF2D-442C-8727-0C34AA87314D}"
EndProject
Project("{8BC9CEB8-8B4A-11D0-8D11-00A0C91BC942}") = "HijackDll", "HijackDll\HijackDll.vcxproj", "{A7680F9A-9F5C-4055-A148-6C900EEAD9A4}"
EndProject
Project("{8BC9CEB8-8B4A-11D0-8D11-00A0C91BC942}") = "LoginHlp", "LoginHlp\LoginHlp.vcxproj", "{0BB513BA-7FBA-4D1D-994C-6CD221A95A69}"
EndProject
Project("{8BC9CEB8-8B4A-11D0-8D11-00A0C91BC942}") = "CmnLpk", "..\Frame\CmnLpk\CmnLpk.vcxproj", "{87051121-C4E8-4405-8151-F6A1519C9A19}"
EndProject
Project("{8BC9CEB8-8B4A-11D0-8D11-00A0C91BC942}") = "RecordMap", "RecordMap\RecordMap.vcxproj", "{79161327-1084-4F8A-ABBE-A0E2F5C5BFF7}"
EndProject
Project("{8BC9CEB8-8B4A-11D0-8D11-00A0C91BC942}") = "AssetSys", "..\Frame\AssetSys\AssetSystem.vcxproj", "{0D799D79-27D8-4421-B06C-8548D4EEFCFB}"
EndProject
Global
	GlobalSection(SolutionConfigurationPlatforms) = preSolution
		DEBUG|Win32 = DEBUG|Win32
		R_profile|Win32 = R_profile|Win32
		R_xml|Win32 = R_xml|Win32
		RELEASE|Win32 = RELEASE|Win32
	EndGlobalSection
	GlobalSection(ProjectConfigurationPlatforms) = postSolution
		{434F7ABC-F0C2-4172-A5A1-DEC5371EDBD1}.DEBUG|Win32.ActiveCfg = DEBUG|Win32
		{434F7ABC-F0C2-4172-A5A1-DEC5371EDBD1}.DEBUG|Win32.Build.0 = DEBUG|Win32
		{434F7ABC-F0C2-4172-A5A1-DEC5371EDBD1}.R_profile|Win32.ActiveCfg = RELEASE|Win32
		{434F7ABC-F0C2-4172-A5A1-DEC5371EDBD1}.R_profile|Win32.Build.0 = RELEASE|Win32
		{434F7ABC-F0C2-4172-A5A1-DEC5371EDBD1}.R_xml|Win32.ActiveCfg = RELEASE|Win32
		{434F7ABC-F0C2-4172-A5A1-DEC5371EDBD1}.R_xml|Win32.Build.0 = RELEASE|Win32
		{434F7ABC-F0C2-4172-A5A1-DEC5371EDBD1}.RELEASE|Win32.ActiveCfg = RELEASE|Win32
		{434F7ABC-F0C2-4172-A5A1-DEC5371EDBD1}.RELEASE|Win32.Build.0 = RELEASE|Win32
		{91E2FF01-98F6-4451-955B-A3BA10625045}.DEBUG|Win32.ActiveCfg = DEBUG|Win32
		{91E2FF01-98F6-4451-955B-A3BA10625045}.DEBUG|Win32.Build.0 = DEBUG|Win32
		{91E2FF01-98F6-4451-955B-A3BA10625045}.R_profile|Win32.ActiveCfg = R_LE|Win32
		{91E2FF01-98F6-4451-955B-A3BA10625045}.R_profile|Win32.Build.0 = R_LE|Win32
		{91E2FF01-98F6-4451-955B-A3BA10625045}.R_xml|Win32.ActiveCfg = R_LE|Win32
		{91E2FF01-98F6-4451-955B-A3BA10625045}.R_xml|Win32.Build.0 = R_LE|Win32
		{91E2FF01-98F6-4451-955B-A3BA10625045}.RELEASE|Win32.ActiveCfg = R_LE|Win32
		{91E2FF01-98F6-4451-955B-A3BA10625045}.RELEASE|Win32.Build.0 = R_LE|Win32
		{9D2D7037-7A46-4002-AE76-163E9CBF73EE}.DEBUG|Win32.ActiveCfg = Debug|Win32
		{9D2D7037-7A46-4002-AE76-163E9CBF73EE}.DEBUG|Win32.Build.0 = Debug|Win32
		{9D2D7037-7A46-4002-AE76-163E9CBF73EE}.R_profile|Win32.ActiveCfg = Release|Win32
		{9D2D7037-7A46-4002-AE76-163E9CBF73EE}.R_profile|Win32.Build.0 = Release|Win32
		{9D2D7037-7A46-4002-AE76-163E9CBF73EE}.R_xml|Win32.ActiveCfg = Release|Win32
		{9D2D7037-7A46-4002-AE76-163E9CBF73EE}.R_xml|Win32.Build.0 = Release|Win32
		{9D2D7037-7A46-4002-AE76-163E9CBF73EE}.RELEASE|Win32.ActiveCfg = Release|Win32
		{9D2D7037-7A46-4002-AE76-163E9CBF73EE}.RELEASE|Win32.Build.0 = Release|Win32
		{CA6076AA-DF2D-442C-8727-0C34AA87314D}.DEBUG|Win32.ActiveCfg = Debug|Win32
		{CA6076AA-DF2D-442C-8727-0C34AA87314D}.DEBUG|Win32.Build.0 = Debug|Win32
		{CA6076AA-DF2D-442C-8727-0C34AA87314D}.R_profile|Win32.ActiveCfg = R_LE|Win32
		{CA6076AA-DF2D-442C-8727-0C34AA87314D}.R_profile|Win32.Build.0 = R_LE|Win32
		{CA6076AA-DF2D-442C-8727-0C34AA87314D}.R_xml|Win32.ActiveCfg = R_LE|Win32
		{CA6076AA-DF2D-442C-8727-0C34AA87314D}.R_xml|Win32.Build.0 = R_LE|Win32
		{CA6076AA-DF2D-442C-8727-0C34AA87314D}.RELEASE|Win32.ActiveCfg = R_LE|Win32
		{CA6076AA-DF2D-442C-8727-0C34AA87314D}.RELEASE|Win32.Build.0 = R_LE|Win32
		{A7680F9A-9F5C-4055-A148-6C900EEAD9A4}.DEBUG|Win32.ActiveCfg = DEBUG|Win32
		{A7680F9A-9F5C-4055-A148-6C900EEAD9A4}.DEBUG|Win32.Build.0 = DEBUG|Win32
		{A7680F9A-9F5C-4055-A148-6C900EEAD9A4}.R_profile|Win32.ActiveCfg = R_profile|Win32
		{A7680F9A-9F5C-4055-A148-6C900EEAD9A4}.R_profile|Win32.Build.0 = R_profile|Win32
		{A7680F9A-9F5C-4055-A148-6C900EEAD9A4}.R_xml|Win32.ActiveCfg = R_xml|Win32
		{A7680F9A-9F5C-4055-A148-6C900EEAD9A4}.R_xml|Win32.Build.0 = R_xml|Win32
		{A7680F9A-9F5C-4055-A148-6C900EEAD9A4}.RELEASE|Win32.ActiveCfg = R_profile|Win32
		{A7680F9A-9F5C-4055-A148-6C900EEAD9A4}.RELEASE|Win32.Build.0 = R_profile|Win32
		{0BB513BA-7FBA-4D1D-994C-6CD221A95A69}.DEBUG|Win32.ActiveCfg = Debug|Win32
		{0BB513BA-7FBA-4D1D-994C-6CD221A95A69}.DEBUG|Win32.Build.0 = Debug|Win32
		{0BB513BA-7FBA-4D1D-994C-6CD221A95A69}.R_profile|Win32.ActiveCfg = Release|Win32
		{0BB513BA-7FBA-4D1D-994C-6CD221A95A69}.R_profile|Win32.Build.0 = Release|Win32
		{0BB513BA-7FBA-4D1D-994C-6CD221A95A69}.R_xml|Win32.ActiveCfg = Release|Win32
		{0BB513BA-7FBA-4D1D-994C-6CD221A95A69}.R_xml|Win32.Build.0 = Release|Win32
		{0BB513BA-7FBA-4D1D-994C-6CD221A95A69}.RELEASE|Win32.ActiveCfg = Release|Win32
		{0BB513BA-7FBA-4D1D-994C-6CD221A95A69}.RELEASE|Win32.Build.0 = Release|Win32
		{87051121-C4E8-4405-8151-F6A1519C9A19}.DEBUG|Win32.ActiveCfg = Debug|Win32
		{87051121-C4E8-4405-8151-F6A1519C9A19}.DEBUG|Win32.Build.0 = Debug|Win32
		{87051121-C4E8-4405-8151-F6A1519C9A19}.R_profile|Win32.ActiveCfg = Release|Win32
		{87051121-C4E8-4405-8151-F6A1519C9A19}.R_profile|Win32.Build.0 = Release|Win32
		{87051121-C4E8-4405-8151-F6A1519C9A19}.R_xml|Win32.ActiveCfg = Release|Win32
		{87051121-C4E8-4405-8151-F6A1519C9A19}.R_xml|Win32.Build.0 = Release|Win32
		{87051121-C4E8-4405-8151-F6A1519C9A19}.RELEASE|Win32.ActiveCfg = Release|Win32
		{87051121-C4E8-4405-8151-F6A1519C9A19}.RELEASE|Win32.Build.0 = Release|Win32
		{79161327-1084-4F8A-ABBE-A0E2F5C5BFF7}.DEBUG|Win32.ActiveCfg = Debug|Win32
		{79161327-1084-4F8A-ABBE-A0E2F5C5BFF7}.DEBUG|Win32.Build.0 = Debug|Win32
		{79161327-1084-4F8A-ABBE-A0E2F5C5BFF7}.R_profile|Win32.ActiveCfg = Release|Win32
		{79161327-1084-4F8A-ABBE-A0E2F5C5BFF7}.R_profile|Win32.Build.0 = Release|Win32
		{79161327-1084-4F8A-ABBE-A0E2F5C5BFF7}.R_xml|Win32.ActiveCfg = Release|Win32
		{79161327-1084-4F8A-ABBE-A0E2F5C5BFF7}.R_xml|Win32.Build.0 = Release|Win32
		{79161327-1084-4F8A-ABBE-A0E2F5C5BFF7}.RELEASE|Win32.ActiveCfg = Release|Win32
		{79161327-1084-4F8A-ABBE-A0E2F5C5BFF7}.RELEASE|Win32.Build.0 = Release|Win32
		{0D799D79-27D8-4421-B06C-8548D4EEFCFB}.DEBUG|Win32.ActiveCfg = Debug|Win32
		{0D799D79-27D8-4421-B06C-8548D4EEFCFB}.DEBUG|Win32.Build.0 = Debug|Win32
		{0D799D79-27D8-4421-B06C-8548D4EEFCFB}.R_profile|Win32.ActiveCfg = Release|Win32
		{0D799D79-27D8-4421-B06C-8548D4EEFCFB}.R_profile|Win32.Build.0 = Release|Win32
		{0D799D79-27D8-4421-B06C-8548D4EEFCFB}.R_xml|Win32.ActiveCfg = Release|Win32
		{0D799D79-27D8-4421-B06C-8548D4EEFCFB}.R_xml|Win32.Build.0 = Release|Win32
		{0D799D79-27D8-4421-B06C-8548D4EEFCFB}.RELEASE|Win32.ActiveCfg = Release|Win32
		{0D799D79-27D8-4421-B06C-8548D4EEFCFB}.RELEASE|Win32.Build.0 = Release|Win32
	EndGlobalSection
	GlobalSection(SolutionProperties) = preSolution
		HideSolutionNode = FALSE
	EndGlobalSection
	GlobalSection(NestedProjects) = preSolution
		{434F7ABC-F0C2-4172-A5A1-DEC5371EDBD1} = {610EFB3F-1860-4E61-A3E3-0BF5E9DD9813}
		{91E2FF01-98F6-4451-955B-A3BA10625045} = {610EFB3F-1860-4E61-A3E3-0BF5E9DD9813}
		{9D2D7037-7A46-4002-AE76-163E9CBF73EE} = {610EFB3F-1860-4E61-A3E3-0BF5E9DD9813}
		{CA6076AA-DF2D-442C-8727-0C34AA87314D} = {610EFB3F-1860-4E61-A3E3-0BF5E9DD9813}
		{87051121-C4E8-4405-8151-F6A1519C9A19} = {610EFB3F-1860-4E61-A3E3-0BF5E9DD9813}
		{0D799D79-27D8-4421-B06C-8548D4EEFCFB} = {610EFB3F-1860-4E61-A3E3-0BF5E9DD9813}
	EndGlobalSection
EndGlobal
