
Microsoft Visual Studio Solution File, Format Version 12.00
# Visual Studio 2013
VisualStudioVersion = 12.0.40629.0
MinimumVisualStudioVersion = 10.0.40219.1
Project("{2150E333-8FDC-42A3-9474-1A3956D46DE8}") = "Frame", "Frame", "{FC60B191-4EE5-4C08-9260-DA69343AC875}"
EndProject
Project("{8BC9CEB8-8B4A-11D0-8D11-00A0C91BC942}") = "ExternLib", "..\Frame\ExternLib\ExternLib.vcxproj", "{434F7ABC-F0C2-4172-A5A1-DEC5371EDBD1}"
EndProject
Project("{8BC9CEB8-8B4A-11D0-8D11-00A0C91BC942}") = "Public", "..\Frame\Public\Public.vcxproj", "{91E2FF01-98F6-4451-955B-A3BA10625045}"
EndProject
Project("{8BC9CEB8-8B4A-11D0-8D11-00A0C91BC942}") = "PublicX", "..\Frame\PublicX\PublicX.vcxproj", "{9D2D7037-7A46-4002-AE76-163E9CBF73EE}"
EndProject
Project("{8BC9CEB8-8B4A-11D0-8D11-00A0C91BC942}") = "PubMix", "..\Frame\PubMix\PubMix.vcxproj", "{CA6076AA-DF2D-442C-8727-0C34AA87314D}"
EndProject
Project("{8BC9CEB8-8B4A-11D0-8D11-00A0C91BC942}") = "CheckServer", "CheckServer\CheckServer.vcxproj", "{3A252EA4-D412-4546-83C0-6671CB9CBF4D}"
EndProject
Project("{8BC9CEB8-8B4A-11D0-8D11-00A0C91BC942}") = "CSViewer", "CSViewer\CSViewer.vcxproj", "{FA24968B-EECF-423A-8075-25E20F361B33}"
EndProject
Project("{8BC9CEB8-8B4A-11D0-8D11-00A0C91BC942}") = "ExtractFeatureCode", "ExtractFeatureCode\ExtractFeatureCode.vcxproj", "{BBC3FF0B-AA5C-4CF4-83FD-4E18E89BDD9D}"
EndProject
Project("{8BC9CEB8-8B4A-11D0-8D11-00A0C91BC942}") = "CmnLpk", "..\Frame\CmnLpk\CmnLpk.vcxproj", "{87051121-C4E8-4405-8151-F6A1519C9A19}"
EndProject
Project("{8BC9CEB8-8B4A-11D0-8D11-00A0C91BC942}") = "AssetSys", "..\Frame\AssetSys\AssetSystem.vcxproj", "{0D799D79-27D8-4421-B06C-8548D4EEFCFB}"
EndProject
Project("{8BC9CEB8-8B4A-11D0-8D11-00A0C91BC942}") = "AssetExplore", "AssetExplore\AssetExplore.vcxproj", "{EEEA198F-458D-4AB1-9B3F-758A7EC69FDD}"
EndProject
Project("{5697748A-77EF-44CA-8824-4F5637E5945B}") = "AssetExploreLua", "AssetExplore\AssetExploreLua.luaproj", "{E439935D-B2A2-46AE-856D-2AA408428F33}"
EndProject
Global
	GlobalSection(SolutionConfigurationPlatforms) = preSolution
		DEBUG|Win32 = DEBUG|Win32
		RELEASE|Win32 = RELEASE|Win32
	EndGlobalSection
	GlobalSection(ProjectConfigurationPlatforms) = postSolution
		{434F7ABC-F0C2-4172-A5A1-DEC5371EDBD1}.DEBUG|Win32.ActiveCfg = DEBUG|Win32
		{434F7ABC-F0C2-4172-A5A1-DEC5371EDBD1}.DEBUG|Win32.Build.0 = DEBUG|Win32
		{434F7ABC-F0C2-4172-A5A1-DEC5371EDBD1}.RELEASE|Win32.ActiveCfg = RELEASE|Win32
		{434F7ABC-F0C2-4172-A5A1-DEC5371EDBD1}.RELEASE|Win32.Build.0 = RELEASE|Win32
		{91E2FF01-98F6-4451-955B-A3BA10625045}.DEBUG|Win32.ActiveCfg = DEBUG|Win32
		{91E2FF01-98F6-4451-955B-A3BA10625045}.DEBUG|Win32.Build.0 = DEBUG|Win32
		{91E2FF01-98F6-4451-955B-A3BA10625045}.RELEASE|Win32.ActiveCfg = R_LE|Win32
		{91E2FF01-98F6-4451-955B-A3BA10625045}.RELEASE|Win32.Build.0 = R_LE|Win32
		{9D2D7037-7A46-4002-AE76-163E9CBF73EE}.DEBUG|Win32.ActiveCfg = Debug|Win32
		{9D2D7037-7A46-4002-AE76-163E9CBF73EE}.DEBUG|Win32.Build.0 = Debug|Win32
		{9D2D7037-7A46-4002-AE76-163E9CBF73EE}.RELEASE|Win32.ActiveCfg = Release|Win32
		{9D2D7037-7A46-4002-AE76-163E9CBF73EE}.RELEASE|Win32.Build.0 = Release|Win32
		{CA6076AA-DF2D-442C-8727-0C34AA87314D}.DEBUG|Win32.ActiveCfg = Debug|Win32
		{CA6076AA-DF2D-442C-8727-0C34AA87314D}.DEBUG|Win32.Build.0 = Debug|Win32
		{CA6076AA-DF2D-442C-8727-0C34AA87314D}.RELEASE|Win32.ActiveCfg = R_LE|Win32
		{CA6076AA-DF2D-442C-8727-0C34AA87314D}.RELEASE|Win32.Build.0 = R_LE|Win32
		{3A252EA4-D412-4546-83C0-6671CB9CBF4D}.DEBUG|Win32.ActiveCfg = DEBUG|Win32
		{3A252EA4-D412-4546-83C0-6671CB9CBF4D}.DEBUG|Win32.Build.0 = DEBUG|Win32
		{3A252EA4-D412-4546-83C0-6671CB9CBF4D}.RELEASE|Win32.ActiveCfg = RELEASE|Win32
		{3A252EA4-D412-4546-83C0-6671CB9CBF4D}.RELEASE|Win32.Build.0 = RELEASE|Win32
		{FA24968B-EECF-423A-8075-25E20F361B33}.DEBUG|Win32.ActiveCfg = DEBUG|Win32
		{FA24968B-EECF-423A-8075-25E20F361B33}.DEBUG|Win32.Build.0 = DEBUG|Win32
		{FA24968B-EECF-423A-8075-25E20F361B33}.RELEASE|Win32.ActiveCfg = RELEASE|Win32
		{FA24968B-EECF-423A-8075-25E20F361B33}.RELEASE|Win32.Build.0 = RELEASE|Win32
		{BBC3FF0B-AA5C-4CF4-83FD-4E18E89BDD9D}.DEBUG|Win32.ActiveCfg = Debug|Win32
		{BBC3FF0B-AA5C-4CF4-83FD-4E18E89BDD9D}.DEBUG|Win32.Build.0 = Debug|Win32
		{BBC3FF0B-AA5C-4CF4-83FD-4E18E89BDD9D}.RELEASE|Win32.ActiveCfg = Release|Win32
		{BBC3FF0B-AA5C-4CF4-83FD-4E18E89BDD9D}.RELEASE|Win32.Build.0 = Release|Win32
		{87051121-C4E8-4405-8151-F6A1519C9A19}.DEBUG|Win32.ActiveCfg = Debug|Win32
		{87051121-C4E8-4405-8151-F6A1519C9A19}.DEBUG|Win32.Build.0 = Debug|Win32
		{87051121-C4E8-4405-8151-F6A1519C9A19}.RELEASE|Win32.ActiveCfg = Release|Win32
		{87051121-C4E8-4405-8151-F6A1519C9A19}.RELEASE|Win32.Build.0 = Release|Win32
		{0D799D79-27D8-4421-B06C-8548D4EEFCFB}.DEBUG|Win32.ActiveCfg = Debug|Win32
		{0D799D79-27D8-4421-B06C-8548D4EEFCFB}.DEBUG|Win32.Build.0 = Debug|Win32
		{0D799D79-27D8-4421-B06C-8548D4EEFCFB}.RELEASE|Win32.ActiveCfg = Release|Win32
		{0D799D79-27D8-4421-B06C-8548D4EEFCFB}.RELEASE|Win32.Build.0 = Release|Win32
		{EEEA198F-458D-4AB1-9B3F-758A7EC69FDD}.DEBUG|Win32.ActiveCfg = Debug|Win32
		{EEEA198F-458D-4AB1-9B3F-758A7EC69FDD}.DEBUG|Win32.Build.0 = Debug|Win32
		{EEEA198F-458D-4AB1-9B3F-758A7EC69FDD}.RELEASE|Win32.ActiveCfg = Release|Win32
		{EEEA198F-458D-4AB1-9B3F-758A7EC69FDD}.RELEASE|Win32.Build.0 = Release|Win32
		{E439935D-B2A2-46AE-856D-2AA408428F33}.DEBUG|Win32.ActiveCfg = Debug|Any CPU
		{E439935D-B2A2-46AE-856D-2AA408428F33}.RELEASE|Win32.ActiveCfg = Release|Any CPU
	EndGlobalSection
	GlobalSection(SolutionProperties) = preSolution
		HideSolutionNode = FALSE
	EndGlobalSection
	GlobalSection(NestedProjects) = preSolution
		{434F7ABC-F0C2-4172-A5A1-DEC5371EDBD1} = {FC60B191-4EE5-4C08-9260-DA69343AC875}
		{91E2FF01-98F6-4451-955B-A3BA10625045} = {FC60B191-4EE5-4C08-9260-DA69343AC875}
		{9D2D7037-7A46-4002-AE76-163E9CBF73EE} = {FC60B191-4EE5-4C08-9260-DA69343AC875}
		{CA6076AA-DF2D-442C-8727-0C34AA87314D} = {FC60B191-4EE5-4C08-9260-DA69343AC875}
		{87051121-C4E8-4405-8151-F6A1519C9A19} = {FC60B191-4EE5-4C08-9260-DA69343AC875}
		{0D799D79-27D8-4421-B06C-8548D4EEFCFB} = {FC60B191-4EE5-4C08-9260-DA69343AC875}
	EndGlobalSection
EndGlobal
