
Microsoft Visual Studio Solution File, Format Version 12.00
# Visual Studio 2013
VisualStudioVersion = 12.0.40629.0
MinimumVisualStudioVersion = 10.0.40219.1
Project("{8BC9CEB8-8B4A-11D0-8D11-00A0C91BC942}") = "Console", "Console\Console.vcxproj", "{2EC6AF30-477E-49E2-A28D-F39537837D45}"
EndProject
Project("{2150E333-8FDC-42A3-9474-1A3956D46DE8}") = "Frame", "Frame", "{5AB3EB2E-DE2E-4E78-AA6C-2A9A4C5A2495}"
EndProject
Project("{8BC9CEB8-8B4A-11D0-8D11-00A0C91BC942}") = "AssetSys", "..\..\Frame\AssetSys\AssetSystem.vcxproj", "{0D799D79-27D8-4421-B06C-8548D4EEFCFB}"
EndProject
Project("{8BC9CEB8-8B4A-11D0-8D11-00A0C91BC942}") = "ExternLib", "..\..\Frame\ExternLib\ExternLib.vcxproj", "{434F7ABC-F0C2-4172-A5A1-DEC5371EDBD1}"
EndProject
Project("{8BC9CEB8-8B4A-11D0-8D11-00A0C91BC942}") = "Public", "..\..\Frame\Public\Public.vcxproj", "{91E2FF01-98F6-4451-955B-A3BA10625045}"
EndProject
Project("{8BC9CEB8-8B4A-11D0-8D11-00A0C91BC942}") = "PublicX", "..\..\Frame\PublicX\PublicX.vcxproj", "{9D2D7037-7A46-4002-AE76-163E9CBF73EE}"
EndProject
Project("{8BC9CEB8-8B4A-11D0-8D11-00A0C91BC942}") = "PubMix", "..\..\Frame\PubMix\PubMix.vcxproj", "{CA6076AA-DF2D-442C-8727-0C34AA87314D}"
EndProject
Project("{8BC9CEB8-8B4A-11D0-8D11-00A0C91BC942}") = "Game", "Game\Game.vcxproj", "{9F53E229-6138-4B03-967F-EC643FB17E32}"
EndProject
Project("{8BC9CEB8-8B4A-11D0-8D11-00A0C91BC942}") = "Test", "Test\Test.vcxproj", "{5B8B9A31-1A21-4DDC-A6B7-327AB71E0AAF}"
EndProject
Project("{8BC9CEB8-8B4A-11D0-8D11-00A0C91BC942}") = "Login", "Login\Login.vcxproj", "{148B5A3A-AA76-4BF7-B051-46C9C5431EC2}"
EndProject
Project("{5697748A-77EF-44CA-8824-4F5637E5945B}") = "lua", "..\..\..\lua\lua.luaproj", "{C1697CF1-0EDF-4CD1-A52A-27EF91E960D4}"
EndProject
Project("{8BC9CEB8-8B4A-11D0-8D11-00A0C91BC942}") = "Con_gj", "Con_gj\Con_gj.vcxproj", "{54DDD126-7FB0-4544-9D17-DE9762B6B873}"
EndProject
Project("{2150E333-8FDC-42A3-9474-1A3956D46DE8}") = "gf", "gf", "{EEBBB1B4-9485-4EF9-8555-1DE90F9C65CA}"
EndProject
Project("{2150E333-8FDC-42A3-9474-1A3956D46DE8}") = "gj", "gj", "{31BFC609-510E-43FB-96A0-8136BF962EDA}"
EndProject
Project("{8BC9CEB8-8B4A-11D0-8D11-00A0C91BC942}") = "Game_gj", "Game_gj\Game_gj.vcxproj", "{9152E704-282B-45C3-8172-21F3ED4FB8C6}"
EndProject
Project("{5697748A-77EF-44CA-8824-4F5637E5945B}") = "ConsoleLua", "Console\ConsoleLua.luaproj", "{E439935D-B2A2-46AE-856D-2AA408428F33}"
EndProject
Project("{5697748A-77EF-44CA-8824-4F5637E5945B}") = "ConsoleLua_gj", "Con_gj\ConsoleLua_gj.luaproj", "{73E31858-AB03-4618-AF11-6F5037BF7451}"
EndProject
Project("{5697748A-77EF-44CA-8824-4F5637E5945B}") = "GameLua_gj", "Game_gj\GameLua_gj.luaproj", "{A3CFAFF7-134C-4F86-BC46-58403F3A74A1}"
EndProject
Project("{5697748A-77EF-44CA-8824-4F5637E5945B}") = "GameLua", "Game\GameLua.luaproj", "{C01C1004-9D6E-4381-9900-7F252915DFC1}"
EndProject
Project("{5697748A-77EF-44CA-8824-4F5637E5945B}") = "LoginLua", "Login\LoginLua.luaproj", "{62442F48-F85F-4D68-B458-2E2674B3631F}"
EndProject
Project("{8BC9CEB8-8B4A-11D0-8D11-00A0C91BC942}") = "Game_gj3", "Game_gj3\Game_gj3.vcxproj", "{16C5F894-6FF5-4026-AEF8-161073F99FA1}"
EndProject
Project("{5697748A-77EF-44CA-8824-4F5637E5945B}") = "GameLua_gj3", "Game_gj3\GameLua_gj3.luaproj", "{E6A83B87-564D-4748-A0AD-3F3955C66303}"
EndProject
Project("{8BC9CEB8-8B4A-11D0-8D11-00A0C91BC942}") = "Con_gj3", "Con_gj3\Con_gj3.vcxproj", "{1A23A0B6-1975-4FF6-8BE3-A8C372612329}"
EndProject
Project("{8BC9CEB8-8B4A-11D0-8D11-00A0C91BC942}") = "ConP_gj", "ConP_gj\ConP_gj.vcxproj", "{D26ABD3D-C3D4-4AC3-A523-367EEB4D6BCC}"
EndProject
Project("{5697748A-77EF-44CA-8824-4F5637E5945B}") = "ConsoleLuaP_gj", "ConP_gj\ConsoleLuaP_gj.luaproj", "{3D29F906-55A9-4538-93D8-07B7A7865FFD}"
EndProject
Project("{8BC9CEB8-8B4A-11D0-8D11-00A0C91BC942}") = "GameP_gj", "GameP_gj\GameP_gj.vcxproj", "{4BB2444C-14C9-4422-88AB-E9C4B02CCBF0}"
EndProject
Project("{5697748A-77EF-44CA-8824-4F5637E5945B}") = "GameLuaP_gj", "GameP_gj\GameLuaP_gj.luaproj", "{F08074C1-2987-44EB-BFC6-45C5783F9C41}"
EndProject
Global
	GlobalSection(SolutionConfigurationPlatforms) = preSolution
		Debug|Win32 = Debug|Win32
		R_LE|Win32 = R_LE|Win32
		R_LI|Win32 = R_LI|Win32
		Release|Win32 = Release|Win32
	EndGlobalSection
	GlobalSection(ProjectConfigurationPlatforms) = postSolution
		{2EC6AF30-477E-49E2-A28D-F39537837D45}.Debug|Win32.ActiveCfg = Debug|Win32
		{2EC6AF30-477E-49E2-A28D-F39537837D45}.Debug|Win32.Build.0 = Debug|Win32
		{2EC6AF30-477E-49E2-A28D-F39537837D45}.R_LE|Win32.ActiveCfg = Release|Win32
		{2EC6AF30-477E-49E2-A28D-F39537837D45}.R_LE|Win32.Build.0 = Release|Win32
		{2EC6AF30-477E-49E2-A28D-F39537837D45}.R_LI|Win32.ActiveCfg = Release|Win32
		{2EC6AF30-477E-49E2-A28D-F39537837D45}.R_LI|Win32.Build.0 = Release|Win32
		{2EC6AF30-477E-49E2-A28D-F39537837D45}.Release|Win32.ActiveCfg = Release|Win32
		{2EC6AF30-477E-49E2-A28D-F39537837D45}.Release|Win32.Build.0 = Release|Win32
		{0D799D79-27D8-4421-B06C-8548D4EEFCFB}.Debug|Win32.ActiveCfg = Debug|Win32
		{0D799D79-27D8-4421-B06C-8548D4EEFCFB}.Debug|Win32.Build.0 = Debug|Win32
		{0D799D79-27D8-4421-B06C-8548D4EEFCFB}.R_LE|Win32.ActiveCfg = Release|Win32
		{0D799D79-27D8-4421-B06C-8548D4EEFCFB}.R_LE|Win32.Build.0 = Release|Win32
		{0D799D79-27D8-4421-B06C-8548D4EEFCFB}.R_LI|Win32.ActiveCfg = Release|Win32
		{0D799D79-27D8-4421-B06C-8548D4EEFCFB}.R_LI|Win32.Build.0 = Release|Win32
		{0D799D79-27D8-4421-B06C-8548D4EEFCFB}.Release|Win32.ActiveCfg = Release|Win32
		{0D799D79-27D8-4421-B06C-8548D4EEFCFB}.Release|Win32.Build.0 = Release|Win32
		{434F7ABC-F0C2-4172-A5A1-DEC5371EDBD1}.Debug|Win32.ActiveCfg = DEBUG|Win32
		{434F7ABC-F0C2-4172-A5A1-DEC5371EDBD1}.Debug|Win32.Build.0 = DEBUG|Win32
		{434F7ABC-F0C2-4172-A5A1-DEC5371EDBD1}.R_LE|Win32.ActiveCfg = RELEASE|Win32
		{434F7ABC-F0C2-4172-A5A1-DEC5371EDBD1}.R_LE|Win32.Build.0 = RELEASE|Win32
		{434F7ABC-F0C2-4172-A5A1-DEC5371EDBD1}.R_LI|Win32.ActiveCfg = RELEASE|Win32
		{434F7ABC-F0C2-4172-A5A1-DEC5371EDBD1}.R_LI|Win32.Build.0 = RELEASE|Win32
		{434F7ABC-F0C2-4172-A5A1-DEC5371EDBD1}.Release|Win32.ActiveCfg = RELEASE|Win32
		{434F7ABC-F0C2-4172-A5A1-DEC5371EDBD1}.Release|Win32.Build.0 = RELEASE|Win32
		{91E2FF01-98F6-4451-955B-A3BA10625045}.Debug|Win32.ActiveCfg = DEBUG|Win32
		{91E2FF01-98F6-4451-955B-A3BA10625045}.Debug|Win32.Build.0 = DEBUG|Win32
		{91E2FF01-98F6-4451-955B-A3BA10625045}.R_LE|Win32.ActiveCfg = R_LE|Win32
		{91E2FF01-98F6-4451-955B-A3BA10625045}.R_LE|Win32.Build.0 = R_LE|Win32
		{91E2FF01-98F6-4451-955B-A3BA10625045}.R_LI|Win32.ActiveCfg = R_LI|Win32
		{91E2FF01-98F6-4451-955B-A3BA10625045}.R_LI|Win32.Build.0 = R_LI|Win32
		{91E2FF01-98F6-4451-955B-A3BA10625045}.Release|Win32.ActiveCfg = R_LE|Win32
		{91E2FF01-98F6-4451-955B-A3BA10625045}.Release|Win32.Build.0 = R_LE|Win32
		{9D2D7037-7A46-4002-AE76-163E9CBF73EE}.Debug|Win32.ActiveCfg = Debug|Win32
		{9D2D7037-7A46-4002-AE76-163E9CBF73EE}.Debug|Win32.Build.0 = Debug|Win32
		{9D2D7037-7A46-4002-AE76-163E9CBF73EE}.R_LE|Win32.ActiveCfg = Release|Win32
		{9D2D7037-7A46-4002-AE76-163E9CBF73EE}.R_LE|Win32.Build.0 = Release|Win32
		{9D2D7037-7A46-4002-AE76-163E9CBF73EE}.R_LI|Win32.ActiveCfg = Release|Win32
		{9D2D7037-7A46-4002-AE76-163E9CBF73EE}.R_LI|Win32.Build.0 = Release|Win32
		{9D2D7037-7A46-4002-AE76-163E9CBF73EE}.Release|Win32.ActiveCfg = Release|Win32
		{9D2D7037-7A46-4002-AE76-163E9CBF73EE}.Release|Win32.Build.0 = Release|Win32
		{CA6076AA-DF2D-442C-8727-0C34AA87314D}.Debug|Win32.ActiveCfg = Debug|Win32
		{CA6076AA-DF2D-442C-8727-0C34AA87314D}.Debug|Win32.Build.0 = Debug|Win32
		{CA6076AA-DF2D-442C-8727-0C34AA87314D}.R_LE|Win32.ActiveCfg = R_LE|Win32
		{CA6076AA-DF2D-442C-8727-0C34AA87314D}.R_LE|Win32.Build.0 = R_LE|Win32
		{CA6076AA-DF2D-442C-8727-0C34AA87314D}.R_LI|Win32.ActiveCfg = R_LI|Win32
		{CA6076AA-DF2D-442C-8727-0C34AA87314D}.R_LI|Win32.Build.0 = R_LI|Win32
		{CA6076AA-DF2D-442C-8727-0C34AA87314D}.Release|Win32.ActiveCfg = R_LE|Win32
		{CA6076AA-DF2D-442C-8727-0C34AA87314D}.Release|Win32.Build.0 = R_LE|Win32
		{9F53E229-6138-4B03-967F-EC643FB17E32}.Debug|Win32.ActiveCfg = Debug|Win32
		{9F53E229-6138-4B03-967F-EC643FB17E32}.Debug|Win32.Build.0 = Debug|Win32
		{9F53E229-6138-4B03-967F-EC643FB17E32}.R_LE|Win32.ActiveCfg = Release|Win32
		{9F53E229-6138-4B03-967F-EC643FB17E32}.R_LE|Win32.Build.0 = Release|Win32
		{9F53E229-6138-4B03-967F-EC643FB17E32}.R_LI|Win32.ActiveCfg = Release|Win32
		{9F53E229-6138-4B03-967F-EC643FB17E32}.R_LI|Win32.Build.0 = Release|Win32
		{9F53E229-6138-4B03-967F-EC643FB17E32}.Release|Win32.ActiveCfg = Release|Win32
		{9F53E229-6138-4B03-967F-EC643FB17E32}.Release|Win32.Build.0 = Release|Win32
		{5B8B9A31-1A21-4DDC-A6B7-327AB71E0AAF}.Debug|Win32.ActiveCfg = Debug|Win32
		{5B8B9A31-1A21-4DDC-A6B7-327AB71E0AAF}.Debug|Win32.Build.0 = Debug|Win32
		{5B8B9A31-1A21-4DDC-A6B7-327AB71E0AAF}.R_LE|Win32.ActiveCfg = Release|Win32
		{5B8B9A31-1A21-4DDC-A6B7-327AB71E0AAF}.R_LE|Win32.Build.0 = Release|Win32
		{5B8B9A31-1A21-4DDC-A6B7-327AB71E0AAF}.R_LI|Win32.ActiveCfg = Release|Win32
		{5B8B9A31-1A21-4DDC-A6B7-327AB71E0AAF}.R_LI|Win32.Build.0 = Release|Win32
		{5B8B9A31-1A21-4DDC-A6B7-327AB71E0AAF}.Release|Win32.ActiveCfg = Release|Win32
		{5B8B9A31-1A21-4DDC-A6B7-327AB71E0AAF}.Release|Win32.Build.0 = Release|Win32
		{148B5A3A-AA76-4BF7-B051-46C9C5431EC2}.Debug|Win32.ActiveCfg = Debug|Win32
		{148B5A3A-AA76-4BF7-B051-46C9C5431EC2}.Debug|Win32.Build.0 = Debug|Win32
		{148B5A3A-AA76-4BF7-B051-46C9C5431EC2}.R_LE|Win32.ActiveCfg = Release|Win32
		{148B5A3A-AA76-4BF7-B051-46C9C5431EC2}.R_LE|Win32.Build.0 = Release|Win32
		{148B5A3A-AA76-4BF7-B051-46C9C5431EC2}.R_LI|Win32.ActiveCfg = Release|Win32
		{148B5A3A-AA76-4BF7-B051-46C9C5431EC2}.R_LI|Win32.Build.0 = Release|Win32
		{148B5A3A-AA76-4BF7-B051-46C9C5431EC2}.Release|Win32.ActiveCfg = Release|Win32
		{148B5A3A-AA76-4BF7-B051-46C9C5431EC2}.Release|Win32.Build.0 = Release|Win32
		{C1697CF1-0EDF-4CD1-A52A-27EF91E960D4}.Debug|Win32.ActiveCfg = Debug|Any CPU
		{C1697CF1-0EDF-4CD1-A52A-27EF91E960D4}.R_LE|Win32.ActiveCfg = Release|Any CPU
		{C1697CF1-0EDF-4CD1-A52A-27EF91E960D4}.R_LI|Win32.ActiveCfg = Release|Any CPU
		{C1697CF1-0EDF-4CD1-A52A-27EF91E960D4}.Release|Win32.ActiveCfg = Release|Any CPU
		{54DDD126-7FB0-4544-9D17-DE9762B6B873}.Debug|Win32.ActiveCfg = Debug|Win32
		{54DDD126-7FB0-4544-9D17-DE9762B6B873}.Debug|Win32.Build.0 = Debug|Win32
		{54DDD126-7FB0-4544-9D17-DE9762B6B873}.R_LE|Win32.ActiveCfg = Release|Win32
		{54DDD126-7FB0-4544-9D17-DE9762B6B873}.R_LE|Win32.Build.0 = Release|Win32
		{54DDD126-7FB0-4544-9D17-DE9762B6B873}.R_LI|Win32.ActiveCfg = Release|Win32
		{54DDD126-7FB0-4544-9D17-DE9762B6B873}.R_LI|Win32.Build.0 = Release|Win32
		{54DDD126-7FB0-4544-9D17-DE9762B6B873}.Release|Win32.ActiveCfg = Release|Win32
		{54DDD126-7FB0-4544-9D17-DE9762B6B873}.Release|Win32.Build.0 = Release|Win32
		{9152E704-282B-45C3-8172-21F3ED4FB8C6}.Debug|Win32.ActiveCfg = Debug|Win32
		{9152E704-282B-45C3-8172-21F3ED4FB8C6}.Debug|Win32.Build.0 = Debug|Win32
		{9152E704-282B-45C3-8172-21F3ED4FB8C6}.R_LE|Win32.ActiveCfg = Release|Win32
		{9152E704-282B-45C3-8172-21F3ED4FB8C6}.R_LE|Win32.Build.0 = Release|Win32
		{9152E704-282B-45C3-8172-21F3ED4FB8C6}.R_LI|Win32.ActiveCfg = Release|Win32
		{9152E704-282B-45C3-8172-21F3ED4FB8C6}.R_LI|Win32.Build.0 = Release|Win32
		{9152E704-282B-45C3-8172-21F3ED4FB8C6}.Release|Win32.ActiveCfg = Release|Win32
		{9152E704-282B-45C3-8172-21F3ED4FB8C6}.Release|Win32.Build.0 = Release|Win32
		{E439935D-B2A2-46AE-856D-2AA408428F33}.Debug|Win32.ActiveCfg = Debug|Any CPU
		{E439935D-B2A2-46AE-856D-2AA408428F33}.R_LE|Win32.ActiveCfg = Release|Any CPU
		{E439935D-B2A2-46AE-856D-2AA408428F33}.R_LI|Win32.ActiveCfg = Release|Any CPU
		{E439935D-B2A2-46AE-856D-2AA408428F33}.Release|Win32.ActiveCfg = Release|Any CPU
		{73E31858-AB03-4618-AF11-6F5037BF7451}.Debug|Win32.ActiveCfg = Debug|Any CPU
		{73E31858-AB03-4618-AF11-6F5037BF7451}.R_LE|Win32.ActiveCfg = Release|Any CPU
		{73E31858-AB03-4618-AF11-6F5037BF7451}.R_LI|Win32.ActiveCfg = Release|Any CPU
		{73E31858-AB03-4618-AF11-6F5037BF7451}.Release|Win32.ActiveCfg = Release|Any CPU
		{A3CFAFF7-134C-4F86-BC46-58403F3A74A1}.Debug|Win32.ActiveCfg = Debug|Any CPU
		{A3CFAFF7-134C-4F86-BC46-58403F3A74A1}.R_LE|Win32.ActiveCfg = Release|Any CPU
		{A3CFAFF7-134C-4F86-BC46-58403F3A74A1}.R_LI|Win32.ActiveCfg = Release|Any CPU
		{A3CFAFF7-134C-4F86-BC46-58403F3A74A1}.Release|Win32.ActiveCfg = Release|Any CPU
		{C01C1004-9D6E-4381-9900-7F252915DFC1}.Debug|Win32.ActiveCfg = Debug|Any CPU
		{C01C1004-9D6E-4381-9900-7F252915DFC1}.R_LE|Win32.ActiveCfg = Release|Any CPU
		{C01C1004-9D6E-4381-9900-7F252915DFC1}.R_LI|Win32.ActiveCfg = Release|Any CPU
		{C01C1004-9D6E-4381-9900-7F252915DFC1}.Release|Win32.ActiveCfg = Release|Any CPU
		{62442F48-F85F-4D68-B458-2E2674B3631F}.Debug|Win32.ActiveCfg = Debug|Any CPU
		{62442F48-F85F-4D68-B458-2E2674B3631F}.R_LE|Win32.ActiveCfg = Release|Any CPU
		{62442F48-F85F-4D68-B458-2E2674B3631F}.R_LI|Win32.ActiveCfg = Release|Any CPU
		{62442F48-F85F-4D68-B458-2E2674B3631F}.Release|Win32.ActiveCfg = Release|Any CPU
		{16C5F894-6FF5-4026-AEF8-161073F99FA1}.Debug|Win32.ActiveCfg = Debug|Win32
		{16C5F894-6FF5-4026-AEF8-161073F99FA1}.Debug|Win32.Build.0 = Debug|Win32
		{16C5F894-6FF5-4026-AEF8-161073F99FA1}.R_LE|Win32.ActiveCfg = Release|Win32
		{16C5F894-6FF5-4026-AEF8-161073F99FA1}.R_LE|Win32.Build.0 = Release|Win32
		{16C5F894-6FF5-4026-AEF8-161073F99FA1}.R_LI|Win32.ActiveCfg = Release|Win32
		{16C5F894-6FF5-4026-AEF8-161073F99FA1}.R_LI|Win32.Build.0 = Release|Win32
		{16C5F894-6FF5-4026-AEF8-161073F99FA1}.Release|Win32.ActiveCfg = Release|Win32
		{16C5F894-6FF5-4026-AEF8-161073F99FA1}.Release|Win32.Build.0 = Release|Win32
		{E6A83B87-564D-4748-A0AD-3F3955C66303}.Debug|Win32.ActiveCfg = Debug|Any CPU
		{E6A83B87-564D-4748-A0AD-3F3955C66303}.R_LE|Win32.ActiveCfg = Release|Any CPU
		{E6A83B87-564D-4748-A0AD-3F3955C66303}.R_LI|Win32.ActiveCfg = Release|Any CPU
		{E6A83B87-564D-4748-A0AD-3F3955C66303}.Release|Win32.ActiveCfg = Release|Any CPU
		{1A23A0B6-1975-4FF6-8BE3-A8C372612329}.Debug|Win32.ActiveCfg = Debug|Win32
		{1A23A0B6-1975-4FF6-8BE3-A8C372612329}.Debug|Win32.Build.0 = Debug|Win32
		{1A23A0B6-1975-4FF6-8BE3-A8C372612329}.R_LE|Win32.ActiveCfg = Release|Win32
		{1A23A0B6-1975-4FF6-8BE3-A8C372612329}.R_LE|Win32.Build.0 = Release|Win32
		{1A23A0B6-1975-4FF6-8BE3-A8C372612329}.R_LI|Win32.ActiveCfg = Release|Win32
		{1A23A0B6-1975-4FF6-8BE3-A8C372612329}.R_LI|Win32.Build.0 = Release|Win32
		{1A23A0B6-1975-4FF6-8BE3-A8C372612329}.Release|Win32.ActiveCfg = Release|Win32
		{1A23A0B6-1975-4FF6-8BE3-A8C372612329}.Release|Win32.Build.0 = Release|Win32
		{D26ABD3D-C3D4-4AC3-A523-367EEB4D6BCC}.Debug|Win32.ActiveCfg = Debug|Win32
		{D26ABD3D-C3D4-4AC3-A523-367EEB4D6BCC}.Debug|Win32.Build.0 = Debug|Win32
		{D26ABD3D-C3D4-4AC3-A523-367EEB4D6BCC}.R_LE|Win32.ActiveCfg = Release|Win32
		{D26ABD3D-C3D4-4AC3-A523-367EEB4D6BCC}.R_LE|Win32.Build.0 = Release|Win32
		{D26ABD3D-C3D4-4AC3-A523-367EEB4D6BCC}.R_LI|Win32.ActiveCfg = Release|Win32
		{D26ABD3D-C3D4-4AC3-A523-367EEB4D6BCC}.R_LI|Win32.Build.0 = Release|Win32
		{D26ABD3D-C3D4-4AC3-A523-367EEB4D6BCC}.Release|Win32.ActiveCfg = Release|Win32
		{D26ABD3D-C3D4-4AC3-A523-367EEB4D6BCC}.Release|Win32.Build.0 = Release|Win32
		{3D29F906-55A9-4538-93D8-07B7A7865FFD}.Debug|Win32.ActiveCfg = Debug|Any CPU
		{3D29F906-55A9-4538-93D8-07B7A7865FFD}.R_LE|Win32.ActiveCfg = Release|Any CPU
		{3D29F906-55A9-4538-93D8-07B7A7865FFD}.R_LI|Win32.ActiveCfg = Release|Any CPU
		{3D29F906-55A9-4538-93D8-07B7A7865FFD}.Release|Win32.ActiveCfg = Release|Any CPU
		{4BB2444C-14C9-4422-88AB-E9C4B02CCBF0}.Debug|Win32.ActiveCfg = Debug|Win32
		{4BB2444C-14C9-4422-88AB-E9C4B02CCBF0}.Debug|Win32.Build.0 = Debug|Win32
		{4BB2444C-14C9-4422-88AB-E9C4B02CCBF0}.R_LE|Win32.ActiveCfg = Release|Win32
		{4BB2444C-14C9-4422-88AB-E9C4B02CCBF0}.R_LE|Win32.Build.0 = Release|Win32
		{4BB2444C-14C9-4422-88AB-E9C4B02CCBF0}.R_LI|Win32.ActiveCfg = Release|Win32
		{4BB2444C-14C9-4422-88AB-E9C4B02CCBF0}.R_LI|Win32.Build.0 = Release|Win32
		{4BB2444C-14C9-4422-88AB-E9C4B02CCBF0}.Release|Win32.ActiveCfg = Release|Win32
		{4BB2444C-14C9-4422-88AB-E9C4B02CCBF0}.Release|Win32.Build.0 = Release|Win32
		{F08074C1-2987-44EB-BFC6-45C5783F9C41}.Debug|Win32.ActiveCfg = Debug|Any CPU
		{F08074C1-2987-44EB-BFC6-45C5783F9C41}.R_LE|Win32.ActiveCfg = Release|Any CPU
		{F08074C1-2987-44EB-BFC6-45C5783F9C41}.R_LI|Win32.ActiveCfg = Release|Any CPU
		{F08074C1-2987-44EB-BFC6-45C5783F9C41}.Release|Win32.ActiveCfg = Release|Any CPU
	EndGlobalSection
	GlobalSection(SolutionProperties) = preSolution
		HideSolutionNode = FALSE
	EndGlobalSection
	GlobalSection(NestedProjects) = preSolution
		{2EC6AF30-477E-49E2-A28D-F39537837D45} = {EEBBB1B4-9485-4EF9-8555-1DE90F9C65CA}
		{0D799D79-27D8-4421-B06C-8548D4EEFCFB} = {5AB3EB2E-DE2E-4E78-AA6C-2A9A4C5A2495}
		{434F7ABC-F0C2-4172-A5A1-DEC5371EDBD1} = {5AB3EB2E-DE2E-4E78-AA6C-2A9A4C5A2495}
		{91E2FF01-98F6-4451-955B-A3BA10625045} = {5AB3EB2E-DE2E-4E78-AA6C-2A9A4C5A2495}
		{9D2D7037-7A46-4002-AE76-163E9CBF73EE} = {5AB3EB2E-DE2E-4E78-AA6C-2A9A4C5A2495}
		{CA6076AA-DF2D-442C-8727-0C34AA87314D} = {5AB3EB2E-DE2E-4E78-AA6C-2A9A4C5A2495}
		{9F53E229-6138-4B03-967F-EC643FB17E32} = {EEBBB1B4-9485-4EF9-8555-1DE90F9C65CA}
		{148B5A3A-AA76-4BF7-B051-46C9C5431EC2} = {EEBBB1B4-9485-4EF9-8555-1DE90F9C65CA}
		{54DDD126-7FB0-4544-9D17-DE9762B6B873} = {31BFC609-510E-43FB-96A0-8136BF962EDA}
		{9152E704-282B-45C3-8172-21F3ED4FB8C6} = {31BFC609-510E-43FB-96A0-8136BF962EDA}
		{E439935D-B2A2-46AE-856D-2AA408428F33} = {EEBBB1B4-9485-4EF9-8555-1DE90F9C65CA}
		{73E31858-AB03-4618-AF11-6F5037BF7451} = {31BFC609-510E-43FB-96A0-8136BF962EDA}
		{A3CFAFF7-134C-4F86-BC46-58403F3A74A1} = {31BFC609-510E-43FB-96A0-8136BF962EDA}
		{C01C1004-9D6E-4381-9900-7F252915DFC1} = {EEBBB1B4-9485-4EF9-8555-1DE90F9C65CA}
		{62442F48-F85F-4D68-B458-2E2674B3631F} = {EEBBB1B4-9485-4EF9-8555-1DE90F9C65CA}
		{16C5F894-6FF5-4026-AEF8-161073F99FA1} = {31BFC609-510E-43FB-96A0-8136BF962EDA}
		{E6A83B87-564D-4748-A0AD-3F3955C66303} = {31BFC609-510E-43FB-96A0-8136BF962EDA}
		{1A23A0B6-1975-4FF6-8BE3-A8C372612329} = {31BFC609-510E-43FB-96A0-8136BF962EDA}
		{D26ABD3D-C3D4-4AC3-A523-367EEB4D6BCC} = {31BFC609-510E-43FB-96A0-8136BF962EDA}
		{3D29F906-55A9-4538-93D8-07B7A7865FFD} = {31BFC609-510E-43FB-96A0-8136BF962EDA}
		{4BB2444C-14C9-4422-88AB-E9C4B02CCBF0} = {31BFC609-510E-43FB-96A0-8136BF962EDA}
		{F08074C1-2987-44EB-BFC6-45C5783F9C41} = {31BFC609-510E-43FB-96A0-8136BF962EDA}
	EndGlobalSection
EndGlobal
