Microsoft Visual Studio Solution File, Format Version 12.00
# Visual Studio 2013
VisualStudioVersion = 12.0.40629.0
MinimumVisualStudioVersion = 10.0.40219.1
Project("{2150E333-8FDC-42A3-9474-1A3956D46DE8}") = "wxLua", "wxLua", "{460FC938-361E-3335-8C71-9FD26D97C3F9}"
EndProject
Project("{2150E333-8FDC-42A3-9474-1A3956D46DE8}") = "Modules", "Modules", "{0B6369B0-3CD4-30A7-A2F3-6886DCABF4E9}"
EndProject
Project("{2150E333-8FDC-42A3-9474-1A3956D46DE8}") = "apps", "apps", "{9BB8AE7D-6815-3B13-9574-6C2AD279D7E4}"
EndProject
Project("{2150E333-8FDC-42A3-9474-1A3956D46DE8}") = "wxStEdit", "wxStEdit", "{0C3C06FF-D7BE-3812-99BD-FAE6F3A98FB1}"
EndProject
Project("{8BC9CEB8-8B4A-11D0-8D11-00A0C91BC942}") = "lua", "modules\lua-5.1\lua.vcxproj", "{BA27F31A-7AD6-37E0-AF8C-726CAF456B13}"
EndProject
Project("{8BC9CEB8-8B4A-11D0-8D11-00A0C91BC942}") = "luac", "modules\lua-5.1\luac.vcxproj", "{8B341A98-FB2E-3845-9BB8-2D36425E6C48}"
EndProject
Project("{8BC9CEB8-8B4A-11D0-8D11-00A0C91BC942}") = "wxLuaBindLib", "modules\wxbind\wxLuaBindLib.vcxproj", "{2A3CA791-DCDD-34DC-A7B2-E4B988D0F2F4}"
	ProjectSection(ProjectDependencies) = postProject
		{6CA455BD-9547-3A1C-BF1F-B7E093F47621} = {6CA455BD-9547-3A1C-BF1F-B7E093F47621}
	EndProjectSection
EndProject
Project("{8BC9CEB8-8B4A-11D0-8D11-00A0C91BC942}") = "wxLuaCan", "apps\wxluacan\wxLuaCan.vcxproj", "{1745EB3D-9237-3D53-9AB0-E9C64A6FF0CF}"
	ProjectSection(ProjectDependencies) = postProject
		{2A3CA791-DCDD-34DC-A7B2-E4B988D0F2F4} = {2A3CA791-DCDD-34DC-A7B2-E4B988D0F2F4}
		{6466CE29-2F9C-3BE6-BB87-8E3E47AB2DDA} = {6466CE29-2F9C-3BE6-BB87-8E3E47AB2DDA}
		{0AF9ADB9-C0B0-3F5C-B151-23C31AE996B7} = {0AF9ADB9-C0B0-3F5C-B151-23C31AE996B7}
		{6CA455BD-9547-3A1C-BF1F-B7E093F47621} = {6CA455BD-9547-3A1C-BF1F-B7E093F47621}
	EndProjectSection
EndProject
Project("{8BC9CEB8-8B4A-11D0-8D11-00A0C91BC942}") = "wxLuaDebugLib", "modules\wxlua\debug\wxLuaDebugLib.vcxproj", "{6466CE29-2F9C-3BE6-BB87-8E3E47AB2DDA}"
	ProjectSection(ProjectDependencies) = postProject
		{6CA455BD-9547-3A1C-BF1F-B7E093F47621} = {6CA455BD-9547-3A1C-BF1F-B7E093F47621}
	EndProjectSection
EndProject
Project("{8BC9CEB8-8B4A-11D0-8D11-00A0C91BC942}") = "wxLuaDebuggerLib", "modules\wxlua\debugger\wxLuaDebuggerLib.vcxproj", "{0AF9ADB9-C0B0-3F5C-B151-23C31AE996B7}"
	ProjectSection(ProjectDependencies) = postProject
		{2A3CA791-DCDD-34DC-A7B2-E4B988D0F2F4} = {2A3CA791-DCDD-34DC-A7B2-E4B988D0F2F4}
		{6466CE29-2F9C-3BE6-BB87-8E3E47AB2DDA} = {6466CE29-2F9C-3BE6-BB87-8E3E47AB2DDA}
		{6CA455BD-9547-3A1C-BF1F-B7E093F47621} = {6CA455BD-9547-3A1C-BF1F-B7E093F47621}
	EndProjectSection
EndProject
Project("{8BC9CEB8-8B4A-11D0-8D11-00A0C91BC942}") = "wxLuaEdit", "apps\wxluaedit\wxLuaEdit.vcxproj", "{3AB05C56-210D-355D-A18B-0190FB4E79E6}"
	ProjectSection(ProjectDependencies) = postProject
		{2A3CA791-DCDD-34DC-A7B2-E4B988D0F2F4} = {2A3CA791-DCDD-34DC-A7B2-E4B988D0F2F4}
		{6466CE29-2F9C-3BE6-BB87-8E3E47AB2DDA} = {6466CE29-2F9C-3BE6-BB87-8E3E47AB2DDA}
		{0AF9ADB9-C0B0-3F5C-B151-23C31AE996B7} = {0AF9ADB9-C0B0-3F5C-B151-23C31AE996B7}
		{6CA455BD-9547-3A1C-BF1F-B7E093F47621} = {6CA455BD-9547-3A1C-BF1F-B7E093F47621}
		{579144E9-6CAD-36CC-AA0B-1AB6D9240B8B} = {579144E9-6CAD-36CC-AA0B-1AB6D9240B8B}
	EndProjectSection
EndProject
Project("{8BC9CEB8-8B4A-11D0-8D11-00A0C91BC942}") = "wxLuaFreeze", "apps\wxluafreeze\wxLuaFreeze.vcxproj", "{95F01505-6EEB-32FA-9733-879E3FBEE3A2}"
	ProjectSection(ProjectDependencies) = postProject
		{2A3CA791-DCDD-34DC-A7B2-E4B988D0F2F4} = {2A3CA791-DCDD-34DC-A7B2-E4B988D0F2F4}
		{6466CE29-2F9C-3BE6-BB87-8E3E47AB2DDA} = {6466CE29-2F9C-3BE6-BB87-8E3E47AB2DDA}
		{0AF9ADB9-C0B0-3F5C-B151-23C31AE996B7} = {0AF9ADB9-C0B0-3F5C-B151-23C31AE996B7}
		{6CA455BD-9547-3A1C-BF1F-B7E093F47621} = {6CA455BD-9547-3A1C-BF1F-B7E093F47621}
	EndProjectSection
EndProject
Project("{8BC9CEB8-8B4A-11D0-8D11-00A0C91BC942}") = "wxLuaLib", "modules\wxlua\wxLuaLib.vcxproj", "{6CA455BD-9547-3A1C-BF1F-B7E093F47621}"
EndProject
Project("{8BC9CEB8-8B4A-11D0-8D11-00A0C91BC942}") = "wxLuaModule", "modules\luamodule\wxLuaModule.vcxproj", "{E675FDF0-A83D-3273-9265-0AA9D0881BDD}"
EndProject
Project("{8BC9CEB8-8B4A-11D0-8D11-00A0C91BC942}") = "wxLua_app", "apps\wxlua\wxLua_app.vcxproj", "{A4368958-70CD-3B6D-9744-B3B40B0332ED}"
	ProjectSection(ProjectDependencies) = postProject
		{2A3CA791-DCDD-34DC-A7B2-E4B988D0F2F4} = {2A3CA791-DCDD-34DC-A7B2-E4B988D0F2F4}
		{6466CE29-2F9C-3BE6-BB87-8E3E47AB2DDA} = {6466CE29-2F9C-3BE6-BB87-8E3E47AB2DDA}
		{0AF9ADB9-C0B0-3F5C-B151-23C31AE996B7} = {0AF9ADB9-C0B0-3F5C-B151-23C31AE996B7}
		{6CA455BD-9547-3A1C-BF1F-B7E093F47621} = {6CA455BD-9547-3A1C-BF1F-B7E093F47621}
	EndProjectSection
EndProject
Project("{8BC9CEB8-8B4A-11D0-8D11-00A0C91BC942}") = "wxStEdit", "modules\wxstedit\wxStEdit.vcxproj", "{81D19DF4-ACD0-3051-A0F5-BB202B87668A}"
	ProjectSection(ProjectDependencies) = postProject
		{579144E9-6CAD-36CC-AA0B-1AB6D9240B8B} = {579144E9-6CAD-36CC-AA0B-1AB6D9240B8B}
	EndProjectSection
EndProject
Project("{8BC9CEB8-8B4A-11D0-8D11-00A0C91BC942}") = "wxStEditLib", "modules\wxstedit\wxStEditLib.vcxproj", "{579144E9-6CAD-36CC-AA0B-1AB6D9240B8B}"
EndProject
Project("{8BC9CEB8-8B4A-11D0-8D11-00A0C91BC942}") = "LuaLib", "..\..\lua\LuaLib.vcxproj", "{4AE8A734-CEF9-4A4B-AA34-02E96640FAA3}"
EndProject
Project("{2150E333-8FDC-42A3-9474-1A3956D46DE8}") = "bindings", "bindings", "{F8E6DD2A-C4FD-4635-B152-E472EEFE20BE}"
EndProject
Project("{8BC9CEB8-8B4A-11D0-8D11-00A0C91BC942}") = "wxluabindings", "bindings\wxluabindings.vcxproj", "{10A06368-37CF-3DD5-A663-14071EF9B7FB}"
EndProject
Global
	GlobalSection(SolutionConfigurationPlatforms) = preSolution
		Debug|Win32 = Debug|Win32
		MinSizeRel|Win32 = MinSizeRel|Win32
		Release|Win32 = Release|Win32
		RelWithDebInfo|Win32 = RelWithDebInfo|Win32
	EndGlobalSection
	GlobalSection(ProjectConfigurationPlatforms) = postSolution
		{BA27F31A-7AD6-37E0-AF8C-726CAF456B13}.Debug|Win32.ActiveCfg = Debug|Win32
		{BA27F31A-7AD6-37E0-AF8C-726CAF456B13}.Debug|Win32.Build.0 = Debug|Win32
		{BA27F31A-7AD6-37E0-AF8C-726CAF456B13}.MinSizeRel|Win32.ActiveCfg = MinSizeRel|Win32
		{BA27F31A-7AD6-37E0-AF8C-726CAF456B13}.MinSizeRel|Win32.Build.0 = MinSizeRel|Win32
		{BA27F31A-7AD6-37E0-AF8C-726CAF456B13}.Release|Win32.ActiveCfg = Release|Win32
		{BA27F31A-7AD6-37E0-AF8C-726CAF456B13}.Release|Win32.Build.0 = Release|Win32
		{BA27F31A-7AD6-37E0-AF8C-726CAF456B13}.RelWithDebInfo|Win32.ActiveCfg = RelWithDebInfo|Win32
		{BA27F31A-7AD6-37E0-AF8C-726CAF456B13}.RelWithDebInfo|Win32.Build.0 = RelWithDebInfo|Win32
		{8B341A98-FB2E-3845-9BB8-2D36425E6C48}.Debug|Win32.ActiveCfg = Debug|Win32
		{8B341A98-FB2E-3845-9BB8-2D36425E6C48}.Debug|Win32.Build.0 = Debug|Win32
		{8B341A98-FB2E-3845-9BB8-2D36425E6C48}.MinSizeRel|Win32.ActiveCfg = MinSizeRel|Win32
		{8B341A98-FB2E-3845-9BB8-2D36425E6C48}.MinSizeRel|Win32.Build.0 = MinSizeRel|Win32
		{8B341A98-FB2E-3845-9BB8-2D36425E6C48}.Release|Win32.ActiveCfg = Release|Win32
		{8B341A98-FB2E-3845-9BB8-2D36425E6C48}.Release|Win32.Build.0 = Release|Win32
		{8B341A98-FB2E-3845-9BB8-2D36425E6C48}.RelWithDebInfo|Win32.ActiveCfg = RelWithDebInfo|Win32
		{8B341A98-FB2E-3845-9BB8-2D36425E6C48}.RelWithDebInfo|Win32.Build.0 = RelWithDebInfo|Win32
		{2A3CA791-DCDD-34DC-A7B2-E4B988D0F2F4}.Debug|Win32.ActiveCfg = Debug|Win32
		{2A3CA791-DCDD-34DC-A7B2-E4B988D0F2F4}.Debug|Win32.Build.0 = Debug|Win32
		{2A3CA791-DCDD-34DC-A7B2-E4B988D0F2F4}.MinSizeRel|Win32.ActiveCfg = MinSizeRel|Win32
		{2A3CA791-DCDD-34DC-A7B2-E4B988D0F2F4}.MinSizeRel|Win32.Build.0 = MinSizeRel|Win32
		{2A3CA791-DCDD-34DC-A7B2-E4B988D0F2F4}.Release|Win32.ActiveCfg = Release|Win32
		{2A3CA791-DCDD-34DC-A7B2-E4B988D0F2F4}.Release|Win32.Build.0 = Release|Win32
		{2A3CA791-DCDD-34DC-A7B2-E4B988D0F2F4}.RelWithDebInfo|Win32.ActiveCfg = RelWithDebInfo|Win32
		{2A3CA791-DCDD-34DC-A7B2-E4B988D0F2F4}.RelWithDebInfo|Win32.Build.0 = RelWithDebInfo|Win32
		{1745EB3D-9237-3D53-9AB0-E9C64A6FF0CF}.Debug|Win32.ActiveCfg = Debug|Win32
		{1745EB3D-9237-3D53-9AB0-E9C64A6FF0CF}.Debug|Win32.Build.0 = Debug|Win32
		{1745EB3D-9237-3D53-9AB0-E9C64A6FF0CF}.MinSizeRel|Win32.ActiveCfg = MinSizeRel|Win32
		{1745EB3D-9237-3D53-9AB0-E9C64A6FF0CF}.MinSizeRel|Win32.Build.0 = MinSizeRel|Win32
		{1745EB3D-9237-3D53-9AB0-E9C64A6FF0CF}.Release|Win32.ActiveCfg = Release|Win32
		{1745EB3D-9237-3D53-9AB0-E9C64A6FF0CF}.Release|Win32.Build.0 = Release|Win32
		{1745EB3D-9237-3D53-9AB0-E9C64A6FF0CF}.RelWithDebInfo|Win32.ActiveCfg = RelWithDebInfo|Win32
		{1745EB3D-9237-3D53-9AB0-E9C64A6FF0CF}.RelWithDebInfo|Win32.Build.0 = RelWithDebInfo|Win32
		{6466CE29-2F9C-3BE6-BB87-8E3E47AB2DDA}.Debug|Win32.ActiveCfg = Debug|Win32
		{6466CE29-2F9C-3BE6-BB87-8E3E47AB2DDA}.Debug|Win32.Build.0 = Debug|Win32
		{6466CE29-2F9C-3BE6-BB87-8E3E47AB2DDA}.MinSizeRel|Win32.ActiveCfg = MinSizeRel|Win32
		{6466CE29-2F9C-3BE6-BB87-8E3E47AB2DDA}.MinSizeRel|Win32.Build.0 = MinSizeRel|Win32
		{6466CE29-2F9C-3BE6-BB87-8E3E47AB2DDA}.Release|Win32.ActiveCfg = Release|Win32
		{6466CE29-2F9C-3BE6-BB87-8E3E47AB2DDA}.Release|Win32.Build.0 = Release|Win32
		{6466CE29-2F9C-3BE6-BB87-8E3E47AB2DDA}.RelWithDebInfo|Win32.ActiveCfg = RelWithDebInfo|Win32
		{6466CE29-2F9C-3BE6-BB87-8E3E47AB2DDA}.RelWithDebInfo|Win32.Build.0 = RelWithDebInfo|Win32
		{0AF9ADB9-C0B0-3F5C-B151-23C31AE996B7}.Debug|Win32.ActiveCfg = Debug|Win32
		{0AF9ADB9-C0B0-3F5C-B151-23C31AE996B7}.Debug|Win32.Build.0 = Debug|Win32
		{0AF9ADB9-C0B0-3F5C-B151-23C31AE996B7}.MinSizeRel|Win32.ActiveCfg = MinSizeRel|Win32
		{0AF9ADB9-C0B0-3F5C-B151-23C31AE996B7}.MinSizeRel|Win32.Build.0 = MinSizeRel|Win32
		{0AF9ADB9-C0B0-3F5C-B151-23C31AE996B7}.Release|Win32.ActiveCfg = Release|Win32
		{0AF9ADB9-C0B0-3F5C-B151-23C31AE996B7}.Release|Win32.Build.0 = Release|Win32
		{0AF9ADB9-C0B0-3F5C-B151-23C31AE996B7}.RelWithDebInfo|Win32.ActiveCfg = RelWithDebInfo|Win32
		{0AF9ADB9-C0B0-3F5C-B151-23C31AE996B7}.RelWithDebInfo|Win32.Build.0 = RelWithDebInfo|Win32
		{3AB05C56-210D-355D-A18B-0190FB4E79E6}.Debug|Win32.ActiveCfg = Debug|Win32
		{3AB05C56-210D-355D-A18B-0190FB4E79E6}.Debug|Win32.Build.0 = Debug|Win32
		{3AB05C56-210D-355D-A18B-0190FB4E79E6}.MinSizeRel|Win32.ActiveCfg = MinSizeRel|Win32
		{3AB05C56-210D-355D-A18B-0190FB4E79E6}.MinSizeRel|Win32.Build.0 = MinSizeRel|Win32
		{3AB05C56-210D-355D-A18B-0190FB4E79E6}.Release|Win32.ActiveCfg = Release|Win32
		{3AB05C56-210D-355D-A18B-0190FB4E79E6}.Release|Win32.Build.0 = Release|Win32
		{3AB05C56-210D-355D-A18B-0190FB4E79E6}.RelWithDebInfo|Win32.ActiveCfg = RelWithDebInfo|Win32
		{3AB05C56-210D-355D-A18B-0190FB4E79E6}.RelWithDebInfo|Win32.Build.0 = RelWithDebInfo|Win32
		{95F01505-6EEB-32FA-9733-879E3FBEE3A2}.Debug|Win32.ActiveCfg = Debug|Win32
		{95F01505-6EEB-32FA-9733-879E3FBEE3A2}.Debug|Win32.Build.0 = Debug|Win32
		{95F01505-6EEB-32FA-9733-879E3FBEE3A2}.MinSizeRel|Win32.ActiveCfg = MinSizeRel|Win32
		{95F01505-6EEB-32FA-9733-879E3FBEE3A2}.MinSizeRel|Win32.Build.0 = MinSizeRel|Win32
		{95F01505-6EEB-32FA-9733-879E3FBEE3A2}.Release|Win32.ActiveCfg = Release|Win32
		{95F01505-6EEB-32FA-9733-879E3FBEE3A2}.Release|Win32.Build.0 = Release|Win32
		{95F01505-6EEB-32FA-9733-879E3FBEE3A2}.RelWithDebInfo|Win32.ActiveCfg = RelWithDebInfo|Win32
		{95F01505-6EEB-32FA-9733-879E3FBEE3A2}.RelWithDebInfo|Win32.Build.0 = RelWithDebInfo|Win32
		{6CA455BD-9547-3A1C-BF1F-B7E093F47621}.Debug|Win32.ActiveCfg = Debug|Win32
		{6CA455BD-9547-3A1C-BF1F-B7E093F47621}.Debug|Win32.Build.0 = Debug|Win32
		{6CA455BD-9547-3A1C-BF1F-B7E093F47621}.MinSizeRel|Win32.ActiveCfg = MinSizeRel|Win32
		{6CA455BD-9547-3A1C-BF1F-B7E093F47621}.MinSizeRel|Win32.Build.0 = MinSizeRel|Win32
		{6CA455BD-9547-3A1C-BF1F-B7E093F47621}.Release|Win32.ActiveCfg = Release|Win32
		{6CA455BD-9547-3A1C-BF1F-B7E093F47621}.Release|Win32.Build.0 = Release|Win32
		{6CA455BD-9547-3A1C-BF1F-B7E093F47621}.RelWithDebInfo|Win32.ActiveCfg = RelWithDebInfo|Win32
		{6CA455BD-9547-3A1C-BF1F-B7E093F47621}.RelWithDebInfo|Win32.Build.0 = RelWithDebInfo|Win32
		{E675FDF0-A83D-3273-9265-0AA9D0881BDD}.Debug|Win32.ActiveCfg = Debug|Win32
		{E675FDF0-A83D-3273-9265-0AA9D0881BDD}.Debug|Win32.Build.0 = Debug|Win32
		{E675FDF0-A83D-3273-9265-0AA9D0881BDD}.MinSizeRel|Win32.ActiveCfg = MinSizeRel|Win32
		{E675FDF0-A83D-3273-9265-0AA9D0881BDD}.MinSizeRel|Win32.Build.0 = MinSizeRel|Win32
		{E675FDF0-A83D-3273-9265-0AA9D0881BDD}.Release|Win32.ActiveCfg = Release|Win32
		{E675FDF0-A83D-3273-9265-0AA9D0881BDD}.Release|Win32.Build.0 = Release|Win32
		{E675FDF0-A83D-3273-9265-0AA9D0881BDD}.RelWithDebInfo|Win32.ActiveCfg = RelWithDebInfo|Win32
		{E675FDF0-A83D-3273-9265-0AA9D0881BDD}.RelWithDebInfo|Win32.Build.0 = RelWithDebInfo|Win32
		{A4368958-70CD-3B6D-9744-B3B40B0332ED}.Debug|Win32.ActiveCfg = Debug|Win32
		{A4368958-70CD-3B6D-9744-B3B40B0332ED}.Debug|Win32.Build.0 = Debug|Win32
		{A4368958-70CD-3B6D-9744-B3B40B0332ED}.MinSizeRel|Win32.ActiveCfg = MinSizeRel|Win32
		{A4368958-70CD-3B6D-9744-B3B40B0332ED}.MinSizeRel|Win32.Build.0 = MinSizeRel|Win32
		{A4368958-70CD-3B6D-9744-B3B40B0332ED}.Release|Win32.ActiveCfg = Release|Win32
		{A4368958-70CD-3B6D-9744-B3B40B0332ED}.Release|Win32.Build.0 = Release|Win32
		{A4368958-70CD-3B6D-9744-B3B40B0332ED}.RelWithDebInfo|Win32.ActiveCfg = RelWithDebInfo|Win32
		{A4368958-70CD-3B6D-9744-B3B40B0332ED}.RelWithDebInfo|Win32.Build.0 = RelWithDebInfo|Win32
		{81D19DF4-ACD0-3051-A0F5-BB202B87668A}.Debug|Win32.ActiveCfg = Debug|Win32
		{81D19DF4-ACD0-3051-A0F5-BB202B87668A}.Debug|Win32.Build.0 = Debug|Win32
		{81D19DF4-ACD0-3051-A0F5-BB202B87668A}.MinSizeRel|Win32.ActiveCfg = MinSizeRel|Win32
		{81D19DF4-ACD0-3051-A0F5-BB202B87668A}.MinSizeRel|Win32.Build.0 = MinSizeRel|Win32
		{81D19DF4-ACD0-3051-A0F5-BB202B87668A}.Release|Win32.ActiveCfg = Release|Win32
		{81D19DF4-ACD0-3051-A0F5-BB202B87668A}.Release|Win32.Build.0 = Release|Win32
		{81D19DF4-ACD0-3051-A0F5-BB202B87668A}.RelWithDebInfo|Win32.ActiveCfg = RelWithDebInfo|Win32
		{81D19DF4-ACD0-3051-A0F5-BB202B87668A}.RelWithDebInfo|Win32.Build.0 = RelWithDebInfo|Win32
		{579144E9-6CAD-36CC-AA0B-1AB6D9240B8B}.Debug|Win32.ActiveCfg = Debug|Win32
		{579144E9-6CAD-36CC-AA0B-1AB6D9240B8B}.Debug|Win32.Build.0 = Debug|Win32
		{579144E9-6CAD-36CC-AA0B-1AB6D9240B8B}.MinSizeRel|Win32.ActiveCfg = MinSizeRel|Win32
		{579144E9-6CAD-36CC-AA0B-1AB6D9240B8B}.MinSizeRel|Win32.Build.0 = MinSizeRel|Win32
		{579144E9-6CAD-36CC-AA0B-1AB6D9240B8B}.Release|Win32.ActiveCfg = Release|Win32
		{579144E9-6CAD-36CC-AA0B-1AB6D9240B8B}.Release|Win32.Build.0 = Release|Win32
		{579144E9-6CAD-36CC-AA0B-1AB6D9240B8B}.RelWithDebInfo|Win32.ActiveCfg = RelWithDebInfo|Win32
		{579144E9-6CAD-36CC-AA0B-1AB6D9240B8B}.RelWithDebInfo|Win32.Build.0 = RelWithDebInfo|Win32
		{4AE8A734-CEF9-4A4B-AA34-02E96640FAA3}.Debug|Win32.ActiveCfg = Debug|Win32
		{4AE8A734-CEF9-4A4B-AA34-02E96640FAA3}.Debug|Win32.Build.0 = Debug|Win32
		{4AE8A734-CEF9-4A4B-AA34-02E96640FAA3}.MinSizeRel|Win32.ActiveCfg = Release|Win32
		{4AE8A734-CEF9-4A4B-AA34-02E96640FAA3}.MinSizeRel|Win32.Build.0 = Release|Win32
		{4AE8A734-CEF9-4A4B-AA34-02E96640FAA3}.Release|Win32.ActiveCfg = Release|Win32
		{4AE8A734-CEF9-4A4B-AA34-02E96640FAA3}.Release|Win32.Build.0 = Release|Win32
		{4AE8A734-CEF9-4A4B-AA34-02E96640FAA3}.RelWithDebInfo|Win32.ActiveCfg = Release|Win32
		{4AE8A734-CEF9-4A4B-AA34-02E96640FAA3}.RelWithDebInfo|Win32.Build.0 = Release|Win32
		{10A06368-37CF-3DD5-A663-14071EF9B7FB}.Debug|Win32.ActiveCfg = Debug|Win32
		{10A06368-37CF-3DD5-A663-14071EF9B7FB}.Debug|Win32.Build.0 = Debug|Win32
		{10A06368-37CF-3DD5-A663-14071EF9B7FB}.MinSizeRel|Win32.ActiveCfg = MinSizeRel|Win32
		{10A06368-37CF-3DD5-A663-14071EF9B7FB}.MinSizeRel|Win32.Build.0 = MinSizeRel|Win32
		{10A06368-37CF-3DD5-A663-14071EF9B7FB}.Release|Win32.ActiveCfg = Release|Win32
		{10A06368-37CF-3DD5-A663-14071EF9B7FB}.Release|Win32.Build.0 = Release|Win32
		{10A06368-37CF-3DD5-A663-14071EF9B7FB}.RelWithDebInfo|Win32.ActiveCfg = RelWithDebInfo|Win32
		{10A06368-37CF-3DD5-A663-14071EF9B7FB}.RelWithDebInfo|Win32.Build.0 = RelWithDebInfo|Win32
	EndGlobalSection
	GlobalSection(SolutionProperties) = preSolution
		HideSolutionNode = FALSE
	EndGlobalSection
	GlobalSection(NestedProjects) = preSolution
		{0B6369B0-3CD4-30A7-A2F3-6886DCABF4E9} = {460FC938-361E-3335-8C71-9FD26D97C3F9}
		{9BB8AE7D-6815-3B13-9574-6C2AD279D7E4} = {460FC938-361E-3335-8C71-9FD26D97C3F9}
		{BA27F31A-7AD6-37E0-AF8C-726CAF456B13} = {9BB8AE7D-6815-3B13-9574-6C2AD279D7E4}
		{8B341A98-FB2E-3845-9BB8-2D36425E6C48} = {9BB8AE7D-6815-3B13-9574-6C2AD279D7E4}
		{2A3CA791-DCDD-34DC-A7B2-E4B988D0F2F4} = {0B6369B0-3CD4-30A7-A2F3-6886DCABF4E9}
		{1745EB3D-9237-3D53-9AB0-E9C64A6FF0CF} = {9BB8AE7D-6815-3B13-9574-6C2AD279D7E4}
		{6466CE29-2F9C-3BE6-BB87-8E3E47AB2DDA} = {0B6369B0-3CD4-30A7-A2F3-6886DCABF4E9}
		{0AF9ADB9-C0B0-3F5C-B151-23C31AE996B7} = {0B6369B0-3CD4-30A7-A2F3-6886DCABF4E9}
		{3AB05C56-210D-355D-A18B-0190FB4E79E6} = {9BB8AE7D-6815-3B13-9574-6C2AD279D7E4}
		{95F01505-6EEB-32FA-9733-879E3FBEE3A2} = {9BB8AE7D-6815-3B13-9574-6C2AD279D7E4}
		{6CA455BD-9547-3A1C-BF1F-B7E093F47621} = {0B6369B0-3CD4-30A7-A2F3-6886DCABF4E9}
		{E675FDF0-A83D-3273-9265-0AA9D0881BDD} = {0B6369B0-3CD4-30A7-A2F3-6886DCABF4E9}
		{A4368958-70CD-3B6D-9744-B3B40B0332ED} = {9BB8AE7D-6815-3B13-9574-6C2AD279D7E4}
		{81D19DF4-ACD0-3051-A0F5-BB202B87668A} = {0C3C06FF-D7BE-3812-99BD-FAE6F3A98FB1}
		{579144E9-6CAD-36CC-AA0B-1AB6D9240B8B} = {0C3C06FF-D7BE-3812-99BD-FAE6F3A98FB1}
		{4AE8A734-CEF9-4A4B-AA34-02E96640FAA3} = {0B6369B0-3CD4-30A7-A2F3-6886DCABF4E9}
		{F8E6DD2A-C4FD-4635-B152-E472EEFE20BE} = {460FC938-361E-3335-8C71-9FD26D97C3F9}
		{10A06368-37CF-3DD5-A663-14071EF9B7FB} = {F8E6DD2A-C4FD-4635-B152-E472EEFE20BE}
	EndGlobalSection
EndGlobal
