<?xml version="1.0" encoding="utf-8"?>
<Project ToolsVersion="4.0" xmlns="http://schemas.microsoft.com/developer/msbuild/2003">
  <ItemGroup>
    <Filter Include="Source Files">
      <UniqueIdentifier>{4FC737F1-C7A5-4376-A066-2A32D752A2FF}</UniqueIdentifier>
      <Extensions>cpp;c;cc;cxx;def;odl;idl;hpj;bat;asm;asmx</Extensions>
    </Filter>
    <Filter Include="Header Files">
      <UniqueIdentifier>{93995380-89BD-4b04-88EB-625FBE52EBFB}</UniqueIdentifier>
      <Extensions>h;hpp;hxx;hm;inl;inc;xsd</Extensions>
    </Filter>
    <Filter Include="Resource Files">
      <UniqueIdentifier>{67DA6AB6-F800-4c08-8B7A-83BB121AAD01}</UniqueIdentifier>
      <Extensions>rc;ico;cur;bmp;dlg;rc2;rct;bin;rgs;gif;jpg;jpeg;jpe;resx;tiff;tif;png;wav;mfcribbon-ms</Extensions>
    </Filter>
  </ItemGroup>
  <ItemGroup>
    <ClInclude Include="Console.h">
      <Filter>Header Files</Filter>
    </ClInclude>
    <ClInclude Include="stdafx.h">
      <Filter>Header Files</Filter>
    </ClInclude>
    <ClInclude Include="MainFrm.h">
      <Filter>Header Files</Filter>
    </ClInclude>
    <ClInclude Include="ChildView.h">
      <Filter>Header Files</Filter>
    </ClInclude>
    <ClInclude Include="Resource.h">
      <Filter>Header Files</Filter>
    </ClInclude>
    <ClInclude Include="TabOption.h">
      <Filter>Header Files</Filter>
    </ClInclude>
    <ClInclude Include="TabPages.h">
      <Filter>Header Files</Filter>
    </ClInclude>
    <ClInclude Include="FuncObjS.h">
      <Filter>Header Files</Filter>
    </ClInclude>
    <ClInclude Include="GLuaS.h">
      <Filter>Header Files</Filter>
    </ClInclude>
    <ClInclude Include="CfgStruct.h">
      <Filter>Header Files</Filter>
    </ClInclude>
    <ClInclude Include="ListCtrls.h">
      <Filter>Header Files</Filter>
    </ClInclude>
    <ClInclude Include="DlgUnion.h">
      <Filter>Header Files</Filter>
    </ClInclude>
    <ClInclude Include="..\lpk\public\CheckLpk.h">
      <Filter>Header Files</Filter>
    </ClInclude>
    <ClInclude Include="LoginS.h">
      <Filter>Header Files</Filter>
    </ClInclude>
    <ClInclude Include="CheckLoginC.h">
      <Filter>Header Files</Filter>
    </ClInclude>
    <ClInclude Include="ListCtrl_Players.h">
      <Filter>Header Files</Filter>
    </ClInclude>
    <ClInclude Include="CoordinateS.h">
      <Filter>Header Files</Filter>
    </ClInclude>
    <ClInclude Include="CoordinateC.h">
      <Filter>Header Files</Filter>
    </ClInclude>
    <ClInclude Include="SafeCheck.h">
      <Filter>Header Files</Filter>
    </ClInclude>
    <ClInclude Include="AntiCrack.h">
      <Filter>Header Files</Filter>
    </ClInclude>
    <ClInclude Include="ServerIpInfo.h">
      <Filter>Header Files</Filter>
    </ClInclude>
  </ItemGroup>
  <ItemGroup>
    <ClCompile Include="Console.cpp">
      <Filter>Source Files</Filter>
    </ClCompile>
    <ClCompile Include="stdafx.cpp">
      <Filter>Source Files</Filter>
    </ClCompile>
    <ClCompile Include="MainFrm.cpp">
      <Filter>Source Files</Filter>
    </ClCompile>
    <ClCompile Include="ChildView.cpp">
      <Filter>Source Files</Filter>
    </ClCompile>
    <ClCompile Include="TabOption.cpp">
      <Filter>Source Files</Filter>
    </ClCompile>
    <ClCompile Include="TabPages.cpp">
      <Filter>Source Files</Filter>
    </ClCompile>
    <ClCompile Include="FuncObjS.cpp">
      <Filter>Source Files</Filter>
    </ClCompile>
    <ClCompile Include="GLuaS.cpp">
      <Filter>Source Files</Filter>
    </ClCompile>
    <ClCompile Include="CfgStruct.cpp">
      <Filter>Source Files</Filter>
    </ClCompile>
    <ClCompile Include="ListCtrls.cpp">
      <Filter>Source Files</Filter>
    </ClCompile>
    <ClCompile Include="DlgUnion.cpp">
      <Filter>Source Files</Filter>
    </ClCompile>
    <ClCompile Include="..\lpk\public\CheckLpk.cpp">
      <Filter>Source Files</Filter>
    </ClCompile>
    <ClCompile Include="LoginS.cpp">
      <Filter>Source Files</Filter>
    </ClCompile>
    <ClCompile Include="CheckLoginC.cpp">
      <Filter>Source Files</Filter>
    </ClCompile>
    <ClCompile Include="ListCtrl_Players.cpp">
      <Filter>Source Files</Filter>
    </ClCompile>
    <ClCompile Include="CoordinateS.cpp">
      <Filter>Source Files</Filter>
    </ClCompile>
    <ClCompile Include="CoordinateC.cpp">
      <Filter>Source Files</Filter>
    </ClCompile>
    <ClCompile Include="SafeCheck.cpp">
      <Filter>Source Files</Filter>
    </ClCompile>
    <ClCompile Include="..\Communicate\CGL_Defines.cpp">
      <Filter>Source Files</Filter>
    </ClCompile>
    <ClCompile Include="AntiCrack.cpp">
      <Filter>Source Files</Filter>
    </ClCompile>
    <ClCompile Include="..\Communicate\CG_Defines.cpp">
      <Filter>Source Files</Filter>
    </ClCompile>
  </ItemGroup>
  <ItemGroup>
    <None Include="res\Console.rc2">
      <Filter>Resource Files</Filter>
    </None>
    <None Include="luas\Logic.lua">
      <Filter>Resource Files</Filter>
    </None>
    <None Include="luas\main.lua">
      <Filter>Resource Files</Filter>
    </None>
    <None Include="luas\Test.lua">
      <Filter>Resource Files</Filter>
    </None>
    <None Include="..\public\res\public_StoC_FI.pem" />
    <None Include="..\public\res\private_CtoS_FI.pem" />
  </ItemGroup>
  <ItemGroup>
    <Image Include="res\Console.ico">
      <Filter>Resource Files</Filter>
    </Image>
  </ItemGroup>
  <ItemGroup>
    <ResourceCompile Include="ConPlayer.rc">
      <Filter>Resource Files</Filter>
    </ResourceCompile>
  </ItemGroup>
</Project>