<?xml version="1.0" encoding="utf-8"?>
<Project ToolsVersion="4.0" xmlns="http://schemas.microsoft.com/developer/msbuild/2003">
  <ItemGroup>
    <Filter Include="Source Files">
      <UniqueIdentifier>{4FC737F1-C7A5-4376-A066-2A32D752A2FF}</UniqueIdentifier>
      <Extensions>cpp;c;cc;cxx;def;odl;idl;hpj;bat;asm;asmx</Extensions>
    </Filter>
    <Filter Include="Header Files">
      <UniqueIdentifier>{93995380-89BD-4b04-88EB-625FBE52EBFB}</UniqueIdentifier>
      <Extensions>h;hpp;hxx;hm;inl;inc;xsd</Extensions>
    </Filter>
    <Filter Include="Resource Files">
      <UniqueIdentifier>{67DA6AB6-F800-4c08-8B7A-83BB121AAD01}</UniqueIdentifier>
      <Extensions>rc;ico;cur;bmp;dlg;rc2;rct;bin;rgs;gif;jpg;jpeg;jpe;resx;tiff;tif;png;wav;mfcribbon-ms</Extensions>
    </Filter>
    <Filter Include="CD_CommonFiles">
      <UniqueIdentifier>{efd37f85-9050-4c83-b868-f9e07d6b2aae}</UniqueIdentifier>
    </Filter>
    <Filter Include="CD_CommonFiles\Data">
      <UniqueIdentifier>{c454b019-ab0f-407a-97e5-10536698e3ab}</UniqueIdentifier>
    </Filter>
  </ItemGroup>
  <ItemGroup>
    <Text Include="ReadMe.txt" />
  </ItemGroup>
  <ItemGroup>
    <ClCompile Include="PluginTest.cpp">
      <Filter>Source Files</Filter>
    </ClCompile>
    <ClCompile Include="stdafx.cpp">
      <Filter>Source Files</Filter>
    </ClCompile>
    <ClCompile Include="..\CD_CommonFiles\Data\CD_FuncCall.cpp">
      <Filter>CD_CommonFiles\Data</Filter>
    </ClCompile>
    <ClCompile Include="..\CD_CommonFiles\Data\CD_Traverse.cpp">
      <Filter>CD_CommonFiles\Data</Filter>
    </ClCompile>
    <ClCompile Include="DlgMain.cpp">
      <Filter>Source Files</Filter>
    </ClCompile>
    <ClCompile Include="CD_Lua.cpp">
      <Filter>Source Files</Filter>
    </ClCompile>
    <ClCompile Include="..\CD_CommonFiles\Data\CD_UsefulFns.cpp">
      <Filter>CD_CommonFiles\Data</Filter>
    </ClCompile>
    <ClCompile Include="..\CD_CommonFiles\Data\CD_Structs.cpp">
      <Filter>CD_CommonFiles\Data</Filter>
    </ClCompile>
    <ClCompile Include="GloFns.cpp">
      <Filter>Source Files</Filter>
    </ClCompile>
  </ItemGroup>
  <ItemGroup>
    <ClInclude Include="PluginTest.h">
      <Filter>Header Files</Filter>
    </ClInclude>
    <ClInclude Include="stdafx.h">
      <Filter>Header Files</Filter>
    </ClInclude>
    <ClInclude Include="Resource.h">
      <Filter>Header Files</Filter>
    </ClInclude>
    <ClInclude Include="..\CD_CommonFiles\Data\CD_Addr.h">
      <Filter>CD_CommonFiles\Data</Filter>
    </ClInclude>
    <ClInclude Include="..\CD_CommonFiles\Data\CD_Class.h">
      <Filter>CD_CommonFiles\Data</Filter>
    </ClInclude>
    <ClInclude Include="..\CD_CommonFiles\Data\CD_Const.h">
      <Filter>CD_CommonFiles\Data</Filter>
    </ClInclude>
    <ClInclude Include="..\CD_CommonFiles\Data\CD_FuncCall.h">
      <Filter>CD_CommonFiles\Data</Filter>
    </ClInclude>
    <ClInclude Include="..\CD_CommonFiles\Data\CD_Offset.h">
      <Filter>CD_CommonFiles\Data</Filter>
    </ClInclude>
    <ClInclude Include="..\CD_CommonFiles\Data\CD_ProtocolR.h">
      <Filter>CD_CommonFiles\Data</Filter>
    </ClInclude>
    <ClInclude Include="..\CD_CommonFiles\Data\CD_ProtocolS.h">
      <Filter>CD_CommonFiles\Data</Filter>
    </ClInclude>
    <ClInclude Include="..\CD_CommonFiles\Data\CD_Structs.h">
      <Filter>CD_CommonFiles\Data</Filter>
    </ClInclude>
    <ClInclude Include="..\CD_CommonFiles\Data\CD_Traverse.h">
      <Filter>CD_CommonFiles\Data</Filter>
    </ClInclude>
    <ClInclude Include="..\CD_CommonFiles\Data\CD_Types.h">
      <Filter>CD_CommonFiles\Data</Filter>
    </ClInclude>
    <ClInclude Include="..\CD_CommonFiles\Data\CD_UsefulFns.h">
      <Filter>CD_CommonFiles\Data</Filter>
    </ClInclude>
    <ClInclude Include="DlgMain.h">
      <Filter>Header Files</Filter>
    </ClInclude>
    <ClInclude Include="CD_Lua.h">
      <Filter>Header Files</Filter>
    </ClInclude>
    <ClInclude Include="GloFns.h">
      <Filter>Header Files</Filter>
    </ClInclude>
    <ClInclude Include="CD_PluginUpdateTest.h">
      <Filter>Header Files</Filter>
    </ClInclude>
    <ClInclude Include="..\CD_CommonFiles\Data\CD_Vtbl.h">
      <Filter>CD_CommonFiles\Data</Filter>
    </ClInclude>
    <ClInclude Include="..\CD_CommonFiles\Data\CD_PT_Updates.h">
      <Filter>CD_CommonFiles\Data</Filter>
    </ClInclude>
    <ClInclude Include="..\CD_CommonFiles\Data\CD_StructsBase.h">
      <Filter>CD_CommonFiles\Data</Filter>
    </ClInclude>
  </ItemGroup>
  <ItemGroup>
    <None Include="PluginTest.def">
      <Filter>Source Files</Filter>
    </None>
    <None Include="res\PluginTest.rc2">
      <Filter>Resource Files</Filter>
    </None>
  </ItemGroup>
  <ItemGroup>
    <ResourceCompile Include="PluginTest.rc">
      <Filter>Resource Files</Filter>
    </ResourceCompile>
  </ItemGroup>
</Project>