
Microsoft Visual Studio Solution File, Format Version 12.00
# Visual Studio 2013
VisualStudioVersion = 12.0.40629.0
MinimumVisualStudioVersion = 10.0.40219.1
Project("{8BC9CEB8-8B4A-11D0-8D11-00A0C91BC942}") = "Game", "Game\Game.vcxproj", "{43D82435-CB22-41C7-9AA3-2D59D3420001}"
EndProject
Project("{8BC9CEB8-8B4A-11D0-8D11-00A0C91BC942}") = "Console", "Console\Console.vcxproj", "{05BA3412-92A4-45DC-9E5A-D38AA424DFEC}"
EndProject
Project("{8BC9CEB8-8B4A-11D0-8D11-00A0C91BC942}") = "Test", "Test\Test.vcxproj", "{1CED3963-C159-4CB7-A743-29DA9C859AAF}"
EndProject
Project("{8BC9CEB8-8B4A-11D0-8D11-00A0C91BC942}") = "Login", "Login\Login.vcxproj", "{3AC38777-F967-49D4-8186-7877C0267CDB}"
EndProject
Project("{2150E333-8FDC-42A3-9474-1A3956D46DE8}") = "Frame", "Frame", "{3F1C45CA-70DD-4D2F-8090-E75E08F9C349}"
EndProject
Project("{2150E333-8FDC-42A3-9474-1A3956D46DE8}") = "Communicate", "Communicate", "{F1501E3B-40F5-43B4-9DB8-B5BADF082A42}"
	ProjectSection(SolutionItems) = preProject
		Communicate\CG_Defines.h = Communicate\CG_Defines.h
		Communicate\CGL_Defines.cpp = Communicate\CGL_Defines.cpp
		Communicate\CGL_Defines.h = Communicate\CGL_Defines.h
		Communicate\CL_Defines.h = Communicate\CL_Defines.h
		Communicate\LLH_Defines.cpp = Communicate\LLH_Defines.cpp
		Communicate\LLH_Defines.h = Communicate\LLH_Defines.h
	EndProjectSection
EndProject
Project("{8BC9CEB8-8B4A-11D0-8D11-00A0C91BC942}") = "LoginAssist", "LoginAssist\LoginAssist.vcxproj", "{2B9570B7-F5EA-41E2-B52A-87EEA9295D50}"
EndProject
Project("{8BC9CEB8-8B4A-11D0-8D11-00A0C91BC942}") = "Public", "..\..\Frame\Public\Public.vcxproj", "{91E2FF01-98F6-4451-955B-A3BA10625045}"
EndProject
Project("{8BC9CEB8-8B4A-11D0-8D11-00A0C91BC942}") = "PublicX", "..\..\Frame\PublicX\PublicX.vcxproj", "{9D2D7037-7A46-4002-AE76-163E9CBF73EE}"
EndProject
Project("{8BC9CEB8-8B4A-11D0-8D11-00A0C91BC942}") = "PubMix", "..\..\Frame\PubMix\PubMix.vcxproj", "{CA6076AA-DF2D-442C-8727-0C34AA87314D}"
EndProject
Project("{8BC9CEB8-8B4A-11D0-8D11-00A0C91BC942}") = "CmnLpk", "..\..\Frame\CmnLpk\CmnLpk.vcxproj", "{87051121-C4E8-4405-8151-F6A1519C9A19}"
EndProject
Project("{8BC9CEB8-8B4A-11D0-8D11-00A0C91BC942}") = "ExternLib", "..\..\Frame\ExternLib\ExternLib.vcxproj", "{434F7ABC-F0C2-4172-A5A1-DEC5371EDBD1}"
EndProject
Project("{8BC9CEB8-8B4A-11D0-8D11-00A0C91BC942}") = "AssetSys", "..\..\Frame\AssetSys\AssetSystem.vcxproj", "{0D799D79-27D8-4421-B06C-8548D4EEFCFB}"
EndProject
Project("{5697748A-77EF-44CA-8824-4F5637E5945B}") = "GameLua", "Game\GameLua.luaproj", "{E439935D-B2A2-46AE-856D-2AA408428F33}"
EndProject
Global
	GlobalSection(SolutionConfigurationPlatforms) = preSolution
		D_JG|Any CPU = D_JG|Any CPU
		D_JG|Mixed Platforms = D_JG|Mixed Platforms
		D_JG|Win32 = D_JG|Win32
		D_XE|Any CPU = D_XE|Any CPU
		D_XE|Mixed Platforms = D_XE|Mixed Platforms
		D_XE|Win32 = D_XE|Win32
		R_JG|Any CPU = R_JG|Any CPU
		R_JG|Mixed Platforms = R_JG|Mixed Platforms
		R_JG|Win32 = R_JG|Win32
		R_XE|Any CPU = R_XE|Any CPU
		R_XE|Mixed Platforms = R_XE|Mixed Platforms
		R_XE|Win32 = R_XE|Win32
	EndGlobalSection
	GlobalSection(ProjectConfigurationPlatforms) = postSolution
		{43D82435-CB22-41C7-9AA3-2D59D3420001}.D_JG|Any CPU.ActiveCfg = D_JG|Win32
		{43D82435-CB22-41C7-9AA3-2D59D3420001}.D_JG|Mixed Platforms.ActiveCfg = D_JG|Win32
		{43D82435-CB22-41C7-9AA3-2D59D3420001}.D_JG|Mixed Platforms.Build.0 = D_JG|Win32
		{43D82435-CB22-41C7-9AA3-2D59D3420001}.D_JG|Win32.ActiveCfg = D_JG|Win32
		{43D82435-CB22-41C7-9AA3-2D59D3420001}.D_JG|Win32.Build.0 = D_JG|Win32
		{43D82435-CB22-41C7-9AA3-2D59D3420001}.D_XE|Any CPU.ActiveCfg = D_XE|Win32
		{43D82435-CB22-41C7-9AA3-2D59D3420001}.D_XE|Mixed Platforms.ActiveCfg = D_XE|Win32
		{43D82435-CB22-41C7-9AA3-2D59D3420001}.D_XE|Mixed Platforms.Build.0 = D_XE|Win32
		{43D82435-CB22-41C7-9AA3-2D59D3420001}.D_XE|Win32.ActiveCfg = D_XE|Win32
		{43D82435-CB22-41C7-9AA3-2D59D3420001}.D_XE|Win32.Build.0 = D_XE|Win32
		{43D82435-CB22-41C7-9AA3-2D59D3420001}.R_JG|Any CPU.ActiveCfg = R_JG|Win32
		{43D82435-CB22-41C7-9AA3-2D59D3420001}.R_JG|Mixed Platforms.ActiveCfg = R_JG|Win32
		{43D82435-CB22-41C7-9AA3-2D59D3420001}.R_JG|Mixed Platforms.Build.0 = R_JG|Win32
		{43D82435-CB22-41C7-9AA3-2D59D3420001}.R_JG|Win32.ActiveCfg = R_JG|Win32
		{43D82435-CB22-41C7-9AA3-2D59D3420001}.R_JG|Win32.Build.0 = R_JG|Win32
		{43D82435-CB22-41C7-9AA3-2D59D3420001}.R_XE|Any CPU.ActiveCfg = R_XE|Win32
		{43D82435-CB22-41C7-9AA3-2D59D3420001}.R_XE|Mixed Platforms.ActiveCfg = R_XE|Win32
		{43D82435-CB22-41C7-9AA3-2D59D3420001}.R_XE|Mixed Platforms.Build.0 = R_XE|Win32
		{43D82435-CB22-41C7-9AA3-2D59D3420001}.R_XE|Win32.ActiveCfg = R_XE|Win32
		{43D82435-CB22-41C7-9AA3-2D59D3420001}.R_XE|Win32.Build.0 = R_XE|Win32
		{05BA3412-92A4-45DC-9E5A-D38AA424DFEC}.D_JG|Any CPU.ActiveCfg = D_JG|Win32
		{05BA3412-92A4-45DC-9E5A-D38AA424DFEC}.D_JG|Mixed Platforms.ActiveCfg = D_JG|Win32
		{05BA3412-92A4-45DC-9E5A-D38AA424DFEC}.D_JG|Mixed Platforms.Build.0 = D_JG|Win32
		{05BA3412-92A4-45DC-9E5A-D38AA424DFEC}.D_JG|Win32.ActiveCfg = D_JG|Win32
		{05BA3412-92A4-45DC-9E5A-D38AA424DFEC}.D_JG|Win32.Build.0 = D_JG|Win32
		{05BA3412-92A4-45DC-9E5A-D38AA424DFEC}.D_XE|Any CPU.ActiveCfg = D_XE|Win32
		{05BA3412-92A4-45DC-9E5A-D38AA424DFEC}.D_XE|Mixed Platforms.ActiveCfg = D_XE|Win32
		{05BA3412-92A4-45DC-9E5A-D38AA424DFEC}.D_XE|Mixed Platforms.Build.0 = D_XE|Win32
		{05BA3412-92A4-45DC-9E5A-D38AA424DFEC}.D_XE|Win32.ActiveCfg = D_XE|Win32
		{05BA3412-92A4-45DC-9E5A-D38AA424DFEC}.D_XE|Win32.Build.0 = D_XE|Win32
		{05BA3412-92A4-45DC-9E5A-D38AA424DFEC}.R_JG|Any CPU.ActiveCfg = R_JG|Win32
		{05BA3412-92A4-45DC-9E5A-D38AA424DFEC}.R_JG|Mixed Platforms.ActiveCfg = R_JG|Win32
		{05BA3412-92A4-45DC-9E5A-D38AA424DFEC}.R_JG|Mixed Platforms.Build.0 = R_JG|Win32
		{05BA3412-92A4-45DC-9E5A-D38AA424DFEC}.R_JG|Win32.ActiveCfg = R_JG|Win32
		{05BA3412-92A4-45DC-9E5A-D38AA424DFEC}.R_JG|Win32.Build.0 = R_JG|Win32
		{05BA3412-92A4-45DC-9E5A-D38AA424DFEC}.R_XE|Any CPU.ActiveCfg = R_XE|Win32
		{05BA3412-92A4-45DC-9E5A-D38AA424DFEC}.R_XE|Mixed Platforms.ActiveCfg = R_XE|Win32
		{05BA3412-92A4-45DC-9E5A-D38AA424DFEC}.R_XE|Mixed Platforms.Build.0 = R_XE|Win32
		{05BA3412-92A4-45DC-9E5A-D38AA424DFEC}.R_XE|Win32.ActiveCfg = R_XE|Win32
		{05BA3412-92A4-45DC-9E5A-D38AA424DFEC}.R_XE|Win32.Build.0 = R_XE|Win32
		{1CED3963-C159-4CB7-A743-29DA9C859AAF}.D_JG|Any CPU.ActiveCfg = DEBUG|Win32
		{1CED3963-C159-4CB7-A743-29DA9C859AAF}.D_JG|Mixed Platforms.ActiveCfg = DEBUG|Win32
		{1CED3963-C159-4CB7-A743-29DA9C859AAF}.D_JG|Mixed Platforms.Build.0 = DEBUG|Win32
		{1CED3963-C159-4CB7-A743-29DA9C859AAF}.D_JG|Win32.ActiveCfg = DEBUG|Win32
		{1CED3963-C159-4CB7-A743-29DA9C859AAF}.D_JG|Win32.Build.0 = DEBUG|Win32
		{1CED3963-C159-4CB7-A743-29DA9C859AAF}.D_XE|Any CPU.ActiveCfg = DEBUG|Win32
		{1CED3963-C159-4CB7-A743-29DA9C859AAF}.D_XE|Mixed Platforms.ActiveCfg = DEBUG|Win32
		{1CED3963-C159-4CB7-A743-29DA9C859AAF}.D_XE|Mixed Platforms.Build.0 = DEBUG|Win32
		{1CED3963-C159-4CB7-A743-29DA9C859AAF}.D_XE|Win32.ActiveCfg = DEBUG|Win32
		{1CED3963-C159-4CB7-A743-29DA9C859AAF}.D_XE|Win32.Build.0 = DEBUG|Win32
		{1CED3963-C159-4CB7-A743-29DA9C859AAF}.R_JG|Any CPU.ActiveCfg = RELEASE|Win32
		{1CED3963-C159-4CB7-A743-29DA9C859AAF}.R_JG|Mixed Platforms.ActiveCfg = RELEASE|Win32
		{1CED3963-C159-4CB7-A743-29DA9C859AAF}.R_JG|Mixed Platforms.Build.0 = RELEASE|Win32
		{1CED3963-C159-4CB7-A743-29DA9C859AAF}.R_JG|Win32.ActiveCfg = RELEASE|Win32
		{1CED3963-C159-4CB7-A743-29DA9C859AAF}.R_JG|Win32.Build.0 = RELEASE|Win32
		{1CED3963-C159-4CB7-A743-29DA9C859AAF}.R_XE|Any CPU.ActiveCfg = RELEASE|Win32
		{1CED3963-C159-4CB7-A743-29DA9C859AAF}.R_XE|Mixed Platforms.ActiveCfg = RELEASE|Win32
		{1CED3963-C159-4CB7-A743-29DA9C859AAF}.R_XE|Mixed Platforms.Build.0 = RELEASE|Win32
		{1CED3963-C159-4CB7-A743-29DA9C859AAF}.R_XE|Win32.ActiveCfg = RELEASE|Win32
		{1CED3963-C159-4CB7-A743-29DA9C859AAF}.R_XE|Win32.Build.0 = RELEASE|Win32
		{3AC38777-F967-49D4-8186-7877C0267CDB}.D_JG|Any CPU.ActiveCfg = D_JG|Win32
		{3AC38777-F967-49D4-8186-7877C0267CDB}.D_JG|Mixed Platforms.ActiveCfg = D_JG|Win32
		{3AC38777-F967-49D4-8186-7877C0267CDB}.D_JG|Mixed Platforms.Build.0 = D_JG|Win32
		{3AC38777-F967-49D4-8186-7877C0267CDB}.D_JG|Win32.ActiveCfg = D_JG|Win32
		{3AC38777-F967-49D4-8186-7877C0267CDB}.D_JG|Win32.Build.0 = D_JG|Win32
		{3AC38777-F967-49D4-8186-7877C0267CDB}.D_XE|Any CPU.ActiveCfg = D_XE|Win32
		{3AC38777-F967-49D4-8186-7877C0267CDB}.D_XE|Mixed Platforms.ActiveCfg = D_XE|Win32
		{3AC38777-F967-49D4-8186-7877C0267CDB}.D_XE|Mixed Platforms.Build.0 = D_XE|Win32
		{3AC38777-F967-49D4-8186-7877C0267CDB}.D_XE|Win32.ActiveCfg = D_XE|Win32
		{3AC38777-F967-49D4-8186-7877C0267CDB}.D_XE|Win32.Build.0 = D_XE|Win32
		{3AC38777-F967-49D4-8186-7877C0267CDB}.R_JG|Any CPU.ActiveCfg = R_JG|Win32
		{3AC38777-F967-49D4-8186-7877C0267CDB}.R_JG|Mixed Platforms.ActiveCfg = R_JG|Win32
		{3AC38777-F967-49D4-8186-7877C0267CDB}.R_JG|Mixed Platforms.Build.0 = R_JG|Win32
		{3AC38777-F967-49D4-8186-7877C0267CDB}.R_JG|Win32.ActiveCfg = R_JG|Win32
		{3AC38777-F967-49D4-8186-7877C0267CDB}.R_JG|Win32.Build.0 = R_JG|Win32
		{3AC38777-F967-49D4-8186-7877C0267CDB}.R_XE|Any CPU.ActiveCfg = R_XE|Win32
		{3AC38777-F967-49D4-8186-7877C0267CDB}.R_XE|Mixed Platforms.ActiveCfg = R_XE|Win32
		{3AC38777-F967-49D4-8186-7877C0267CDB}.R_XE|Mixed Platforms.Build.0 = R_XE|Win32
		{3AC38777-F967-49D4-8186-7877C0267CDB}.R_XE|Win32.ActiveCfg = R_XE|Win32
		{3AC38777-F967-49D4-8186-7877C0267CDB}.R_XE|Win32.Build.0 = R_XE|Win32
		{2B9570B7-F5EA-41E2-B52A-87EEA9295D50}.D_JG|Any CPU.ActiveCfg = DEBUG|Win32
		{2B9570B7-F5EA-41E2-B52A-87EEA9295D50}.D_JG|Mixed Platforms.ActiveCfg = DEBUG|Win32
		{2B9570B7-F5EA-41E2-B52A-87EEA9295D50}.D_JG|Win32.ActiveCfg = DEBUG|Win32
		{2B9570B7-F5EA-41E2-B52A-87EEA9295D50}.D_JG|Win32.Build.0 = DEBUG|Win32
		{2B9570B7-F5EA-41E2-B52A-87EEA9295D50}.D_XE|Any CPU.ActiveCfg = DEBUG|Win32
		{2B9570B7-F5EA-41E2-B52A-87EEA9295D50}.D_XE|Mixed Platforms.ActiveCfg = DEBUG|Win32
		{2B9570B7-F5EA-41E2-B52A-87EEA9295D50}.D_XE|Win32.ActiveCfg = DEBUG|Win32
		{2B9570B7-F5EA-41E2-B52A-87EEA9295D50}.D_XE|Win32.Build.0 = DEBUG|Win32
		{2B9570B7-F5EA-41E2-B52A-87EEA9295D50}.R_JG|Any CPU.ActiveCfg = RELEASE|Win32
		{2B9570B7-F5EA-41E2-B52A-87EEA9295D50}.R_JG|Mixed Platforms.ActiveCfg = RELEASE|Win32
		{2B9570B7-F5EA-41E2-B52A-87EEA9295D50}.R_JG|Win32.ActiveCfg = RELEASE|Win32
		{2B9570B7-F5EA-41E2-B52A-87EEA9295D50}.R_JG|Win32.Build.0 = RELEASE|Win32
		{2B9570B7-F5EA-41E2-B52A-87EEA9295D50}.R_XE|Any CPU.ActiveCfg = RELEASE|Win32
		{2B9570B7-F5EA-41E2-B52A-87EEA9295D50}.R_XE|Mixed Platforms.ActiveCfg = RELEASE|Win32
		{2B9570B7-F5EA-41E2-B52A-87EEA9295D50}.R_XE|Win32.ActiveCfg = RELEASE|Win32
		{2B9570B7-F5EA-41E2-B52A-87EEA9295D50}.R_XE|Win32.Build.0 = RELEASE|Win32
		{91E2FF01-98F6-4451-955B-A3BA10625045}.D_JG|Any CPU.ActiveCfg = DEBUG|Win32
		{91E2FF01-98F6-4451-955B-A3BA10625045}.D_JG|Mixed Platforms.ActiveCfg = DEBUG|Win32
		{91E2FF01-98F6-4451-955B-A3BA10625045}.D_JG|Mixed Platforms.Build.0 = DEBUG|Win32
		{91E2FF01-98F6-4451-955B-A3BA10625045}.D_JG|Win32.ActiveCfg = DEBUG|Win32
		{91E2FF01-98F6-4451-955B-A3BA10625045}.D_JG|Win32.Build.0 = DEBUG|Win32
		{91E2FF01-98F6-4451-955B-A3BA10625045}.D_XE|Any CPU.ActiveCfg = DEBUG|Win32
		{91E2FF01-98F6-4451-955B-A3BA10625045}.D_XE|Mixed Platforms.ActiveCfg = DEBUG|Win32
		{91E2FF01-98F6-4451-955B-A3BA10625045}.D_XE|Mixed Platforms.Build.0 = DEBUG|Win32
		{91E2FF01-98F6-4451-955B-A3BA10625045}.D_XE|Win32.ActiveCfg = DEBUG|Win32
		{91E2FF01-98F6-4451-955B-A3BA10625045}.D_XE|Win32.Build.0 = DEBUG|Win32
		{91E2FF01-98F6-4451-955B-A3BA10625045}.R_JG|Any CPU.ActiveCfg = R_LI|Win32
		{91E2FF01-98F6-4451-955B-A3BA10625045}.R_JG|Mixed Platforms.ActiveCfg = R_LI|Win32
		{91E2FF01-98F6-4451-955B-A3BA10625045}.R_JG|Mixed Platforms.Build.0 = R_LI|Win32
		{91E2FF01-98F6-4451-955B-A3BA10625045}.R_JG|Win32.ActiveCfg = R_LE|Win32
		{91E2FF01-98F6-4451-955B-A3BA10625045}.R_JG|Win32.Build.0 = R_LE|Win32
		{91E2FF01-98F6-4451-955B-A3BA10625045}.R_XE|Any CPU.ActiveCfg = R_LI|Win32
		{91E2FF01-98F6-4451-955B-A3BA10625045}.R_XE|Mixed Platforms.ActiveCfg = R_LI|Win32
		{91E2FF01-98F6-4451-955B-A3BA10625045}.R_XE|Mixed Platforms.Build.0 = R_LI|Win32
		{91E2FF01-98F6-4451-955B-A3BA10625045}.R_XE|Win32.ActiveCfg = R_LI|Win32
		{91E2FF01-98F6-4451-955B-A3BA10625045}.R_XE|Win32.Build.0 = R_LI|Win32
		{9D2D7037-7A46-4002-AE76-163E9CBF73EE}.D_JG|Any CPU.ActiveCfg = Debug|Win32
		{9D2D7037-7A46-4002-AE76-163E9CBF73EE}.D_JG|Mixed Platforms.ActiveCfg = Debug|Win32
		{9D2D7037-7A46-4002-AE76-163E9CBF73EE}.D_JG|Mixed Platforms.Build.0 = Debug|Win32
		{9D2D7037-7A46-4002-AE76-163E9CBF73EE}.D_JG|Win32.ActiveCfg = Debug|Win32
		{9D2D7037-7A46-4002-AE76-163E9CBF73EE}.D_JG|Win32.Build.0 = Debug|Win32
		{9D2D7037-7A46-4002-AE76-163E9CBF73EE}.D_XE|Any CPU.ActiveCfg = Debug|Win32
		{9D2D7037-7A46-4002-AE76-163E9CBF73EE}.D_XE|Mixed Platforms.ActiveCfg = Debug|Win32
		{9D2D7037-7A46-4002-AE76-163E9CBF73EE}.D_XE|Mixed Platforms.Build.0 = Debug|Win32
		{9D2D7037-7A46-4002-AE76-163E9CBF73EE}.D_XE|Win32.ActiveCfg = Debug|Win32
		{9D2D7037-7A46-4002-AE76-163E9CBF73EE}.D_XE|Win32.Build.0 = Debug|Win32
		{9D2D7037-7A46-4002-AE76-163E9CBF73EE}.R_JG|Any CPU.ActiveCfg = Release|Win32
		{9D2D7037-7A46-4002-AE76-163E9CBF73EE}.R_JG|Mixed Platforms.ActiveCfg = Release|Win32
		{9D2D7037-7A46-4002-AE76-163E9CBF73EE}.R_JG|Mixed Platforms.Build.0 = Release|Win32
		{9D2D7037-7A46-4002-AE76-163E9CBF73EE}.R_JG|Win32.ActiveCfg = Release|Win32
		{9D2D7037-7A46-4002-AE76-163E9CBF73EE}.R_JG|Win32.Build.0 = Release|Win32
		{9D2D7037-7A46-4002-AE76-163E9CBF73EE}.R_XE|Any CPU.ActiveCfg = Release|Win32
		{9D2D7037-7A46-4002-AE76-163E9CBF73EE}.R_XE|Mixed Platforms.ActiveCfg = Release|Win32
		{9D2D7037-7A46-4002-AE76-163E9CBF73EE}.R_XE|Mixed Platforms.Build.0 = Release|Win32
		{9D2D7037-7A46-4002-AE76-163E9CBF73EE}.R_XE|Win32.ActiveCfg = Release|Win32
		{9D2D7037-7A46-4002-AE76-163E9CBF73EE}.R_XE|Win32.Build.0 = Release|Win32
		{CA6076AA-DF2D-442C-8727-0C34AA87314D}.D_JG|Any CPU.ActiveCfg = Debug|Win32
		{CA6076AA-DF2D-442C-8727-0C34AA87314D}.D_JG|Mixed Platforms.ActiveCfg = Debug|Win32
		{CA6076AA-DF2D-442C-8727-0C34AA87314D}.D_JG|Mixed Platforms.Build.0 = Debug|Win32
		{CA6076AA-DF2D-442C-8727-0C34AA87314D}.D_JG|Win32.ActiveCfg = Debug|Win32
		{CA6076AA-DF2D-442C-8727-0C34AA87314D}.D_JG|Win32.Build.0 = Debug|Win32
		{CA6076AA-DF2D-442C-8727-0C34AA87314D}.D_XE|Any CPU.ActiveCfg = Debug|Win32
		{CA6076AA-DF2D-442C-8727-0C34AA87314D}.D_XE|Mixed Platforms.ActiveCfg = Debug|Win32
		{CA6076AA-DF2D-442C-8727-0C34AA87314D}.D_XE|Mixed Platforms.Build.0 = Debug|Win32
		{CA6076AA-DF2D-442C-8727-0C34AA87314D}.D_XE|Win32.ActiveCfg = Debug|Win32
		{CA6076AA-DF2D-442C-8727-0C34AA87314D}.D_XE|Win32.Build.0 = Debug|Win32
		{CA6076AA-DF2D-442C-8727-0C34AA87314D}.R_JG|Any CPU.ActiveCfg = R_LI|Win32
		{CA6076AA-DF2D-442C-8727-0C34AA87314D}.R_JG|Mixed Platforms.ActiveCfg = R_LI|Win32
		{CA6076AA-DF2D-442C-8727-0C34AA87314D}.R_JG|Mixed Platforms.Build.0 = R_LI|Win32
		{CA6076AA-DF2D-442C-8727-0C34AA87314D}.R_JG|Win32.ActiveCfg = R_LE|Win32
		{CA6076AA-DF2D-442C-8727-0C34AA87314D}.R_JG|Win32.Build.0 = R_LE|Win32
		{CA6076AA-DF2D-442C-8727-0C34AA87314D}.R_XE|Any CPU.ActiveCfg = R_LI|Win32
		{CA6076AA-DF2D-442C-8727-0C34AA87314D}.R_XE|Mixed Platforms.ActiveCfg = R_LI|Win32
		{CA6076AA-DF2D-442C-8727-0C34AA87314D}.R_XE|Mixed Platforms.Build.0 = R_LI|Win32
		{CA6076AA-DF2D-442C-8727-0C34AA87314D}.R_XE|Win32.ActiveCfg = R_LI|Win32
		{CA6076AA-DF2D-442C-8727-0C34AA87314D}.R_XE|Win32.Build.0 = R_LI|Win32
		{87051121-C4E8-4405-8151-F6A1519C9A19}.D_JG|Any CPU.ActiveCfg = Debug|Win32
		{87051121-C4E8-4405-8151-F6A1519C9A19}.D_JG|Mixed Platforms.ActiveCfg = Debug|Win32
		{87051121-C4E8-4405-8151-F6A1519C9A19}.D_JG|Win32.ActiveCfg = Debug|Win32
		{87051121-C4E8-4405-8151-F6A1519C9A19}.D_JG|Win32.Build.0 = Debug|Win32
		{87051121-C4E8-4405-8151-F6A1519C9A19}.D_XE|Any CPU.ActiveCfg = Debug|Win32
		{87051121-C4E8-4405-8151-F6A1519C9A19}.D_XE|Mixed Platforms.ActiveCfg = Debug|Win32
		{87051121-C4E8-4405-8151-F6A1519C9A19}.D_XE|Win32.ActiveCfg = Debug|Win32
		{87051121-C4E8-4405-8151-F6A1519C9A19}.D_XE|Win32.Build.0 = Debug|Win32
		{87051121-C4E8-4405-8151-F6A1519C9A19}.R_JG|Any CPU.ActiveCfg = Release|Win32
		{87051121-C4E8-4405-8151-F6A1519C9A19}.R_JG|Mixed Platforms.ActiveCfg = Release|Win32
		{87051121-C4E8-4405-8151-F6A1519C9A19}.R_JG|Win32.ActiveCfg = Release|Win32
		{87051121-C4E8-4405-8151-F6A1519C9A19}.R_JG|Win32.Build.0 = Release|Win32
		{87051121-C4E8-4405-8151-F6A1519C9A19}.R_XE|Any CPU.ActiveCfg = Release|Win32
		{87051121-C4E8-4405-8151-F6A1519C9A19}.R_XE|Mixed Platforms.ActiveCfg = Release|Win32
		{87051121-C4E8-4405-8151-F6A1519C9A19}.R_XE|Win32.ActiveCfg = Release|Win32
		{87051121-C4E8-4405-8151-F6A1519C9A19}.R_XE|Win32.Build.0 = Release|Win32
		{434F7ABC-F0C2-4172-A5A1-DEC5371EDBD1}.D_JG|Any CPU.ActiveCfg = DEBUG|Win32
		{434F7ABC-F0C2-4172-A5A1-DEC5371EDBD1}.D_JG|Mixed Platforms.ActiveCfg = DEBUG|Win32
		{434F7ABC-F0C2-4172-A5A1-DEC5371EDBD1}.D_JG|Mixed Platforms.Build.0 = DEBUG|Win32
		{434F7ABC-F0C2-4172-A5A1-DEC5371EDBD1}.D_JG|Win32.ActiveCfg = DEBUG|Win32
		{434F7ABC-F0C2-4172-A5A1-DEC5371EDBD1}.D_JG|Win32.Build.0 = DEBUG|Win32
		{434F7ABC-F0C2-4172-A5A1-DEC5371EDBD1}.D_XE|Any CPU.ActiveCfg = DEBUG|Win32
		{434F7ABC-F0C2-4172-A5A1-DEC5371EDBD1}.D_XE|Mixed Platforms.ActiveCfg = DEBUG|Win32
		{434F7ABC-F0C2-4172-A5A1-DEC5371EDBD1}.D_XE|Mixed Platforms.Build.0 = DEBUG|Win32
		{434F7ABC-F0C2-4172-A5A1-DEC5371EDBD1}.D_XE|Win32.ActiveCfg = DEBUG|Win32
		{434F7ABC-F0C2-4172-A5A1-DEC5371EDBD1}.D_XE|Win32.Build.0 = DEBUG|Win32
		{434F7ABC-F0C2-4172-A5A1-DEC5371EDBD1}.R_JG|Any CPU.ActiveCfg = RELEASE|Win32
		{434F7ABC-F0C2-4172-A5A1-DEC5371EDBD1}.R_JG|Mixed Platforms.ActiveCfg = RELEASE|Win32
		{434F7ABC-F0C2-4172-A5A1-DEC5371EDBD1}.R_JG|Mixed Platforms.Build.0 = RELEASE|Win32
		{434F7ABC-F0C2-4172-A5A1-DEC5371EDBD1}.R_JG|Win32.ActiveCfg = RELEASE|Win32
		{434F7ABC-F0C2-4172-A5A1-DEC5371EDBD1}.R_JG|Win32.Build.0 = RELEASE|Win32
		{434F7ABC-F0C2-4172-A5A1-DEC5371EDBD1}.R_XE|Any CPU.ActiveCfg = RELEASE|Win32
		{434F7ABC-F0C2-4172-A5A1-DEC5371EDBD1}.R_XE|Mixed Platforms.ActiveCfg = RELEASE|Win32
		{434F7ABC-F0C2-4172-A5A1-DEC5371EDBD1}.R_XE|Mixed Platforms.Build.0 = RELEASE|Win32
		{434F7ABC-F0C2-4172-A5A1-DEC5371EDBD1}.R_XE|Win32.ActiveCfg = RELEASE|Win32
		{434F7ABC-F0C2-4172-A5A1-DEC5371EDBD1}.R_XE|Win32.Build.0 = RELEASE|Win32
		{0D799D79-27D8-4421-B06C-8548D4EEFCFB}.D_JG|Any CPU.ActiveCfg = Debug|Win32
		{0D799D79-27D8-4421-B06C-8548D4EEFCFB}.D_JG|Mixed Platforms.ActiveCfg = Debug|Win32
		{0D799D79-27D8-4421-B06C-8548D4EEFCFB}.D_JG|Mixed Platforms.Build.0 = Debug|Win32
		{0D799D79-27D8-4421-B06C-8548D4EEFCFB}.D_JG|Win32.ActiveCfg = Debug|Win32
		{0D799D79-27D8-4421-B06C-8548D4EEFCFB}.D_JG|Win32.Build.0 = Debug|Win32
		{0D799D79-27D8-4421-B06C-8548D4EEFCFB}.D_XE|Any CPU.ActiveCfg = Debug|Win32
		{0D799D79-27D8-4421-B06C-8548D4EEFCFB}.D_XE|Mixed Platforms.ActiveCfg = Debug|Win32
		{0D799D79-27D8-4421-B06C-8548D4EEFCFB}.D_XE|Mixed Platforms.Build.0 = Debug|Win32
		{0D799D79-27D8-4421-B06C-8548D4EEFCFB}.D_XE|Win32.ActiveCfg = Debug|Win32
		{0D799D79-27D8-4421-B06C-8548D4EEFCFB}.D_XE|Win32.Build.0 = Debug|Win32
		{0D799D79-27D8-4421-B06C-8548D4EEFCFB}.R_JG|Any CPU.ActiveCfg = Release|Win32
		{0D799D79-27D8-4421-B06C-8548D4EEFCFB}.R_JG|Mixed Platforms.ActiveCfg = Release|Win32
		{0D799D79-27D8-4421-B06C-8548D4EEFCFB}.R_JG|Mixed Platforms.Build.0 = Release|Win32
		{0D799D79-27D8-4421-B06C-8548D4EEFCFB}.R_JG|Win32.ActiveCfg = Release|Win32
		{0D799D79-27D8-4421-B06C-8548D4EEFCFB}.R_JG|Win32.Build.0 = Release|Win32
		{0D799D79-27D8-4421-B06C-8548D4EEFCFB}.R_XE|Any CPU.ActiveCfg = Release|Win32
		{0D799D79-27D8-4421-B06C-8548D4EEFCFB}.R_XE|Mixed Platforms.ActiveCfg = Release|Win32
		{0D799D79-27D8-4421-B06C-8548D4EEFCFB}.R_XE|Mixed Platforms.Build.0 = Release|Win32
		{0D799D79-27D8-4421-B06C-8548D4EEFCFB}.R_XE|Win32.ActiveCfg = Release|Win32
		{0D799D79-27D8-4421-B06C-8548D4EEFCFB}.R_XE|Win32.Build.0 = Release|Win32
		{E439935D-B2A2-46AE-856D-2AA408428F33}.D_JG|Any CPU.ActiveCfg = Debug|Any CPU
		{E439935D-B2A2-46AE-856D-2AA408428F33}.D_JG|Any CPU.Build.0 = Debug|Any CPU
		{E439935D-B2A2-46AE-856D-2AA408428F33}.D_JG|Mixed Platforms.ActiveCfg = Debug|Any CPU
		{E439935D-B2A2-46AE-856D-2AA408428F33}.D_JG|Mixed Platforms.Build.0 = Debug|Any CPU
		{E439935D-B2A2-46AE-856D-2AA408428F33}.D_JG|Win32.ActiveCfg = Debug|Any CPU
		{E439935D-B2A2-46AE-856D-2AA408428F33}.D_XE|Any CPU.ActiveCfg = Debug|Any CPU
		{E439935D-B2A2-46AE-856D-2AA408428F33}.D_XE|Any CPU.Build.0 = Debug|Any CPU
		{E439935D-B2A2-46AE-856D-2AA408428F33}.D_XE|Mixed Platforms.ActiveCfg = Debug|Any CPU
		{E439935D-B2A2-46AE-856D-2AA408428F33}.D_XE|Mixed Platforms.Build.0 = Debug|Any CPU
		{E439935D-B2A2-46AE-856D-2AA408428F33}.D_XE|Win32.ActiveCfg = Debug|Any CPU
		{E439935D-B2A2-46AE-856D-2AA408428F33}.R_JG|Any CPU.ActiveCfg = Release|Any CPU
		{E439935D-B2A2-46AE-856D-2AA408428F33}.R_JG|Any CPU.Build.0 = Release|Any CPU
		{E439935D-B2A2-46AE-856D-2AA408428F33}.R_JG|Mixed Platforms.ActiveCfg = Release|Any CPU
		{E439935D-B2A2-46AE-856D-2AA408428F33}.R_JG|Mixed Platforms.Build.0 = Release|Any CPU
		{E439935D-B2A2-46AE-856D-2AA408428F33}.R_JG|Win32.ActiveCfg = Release|Any CPU
		{E439935D-B2A2-46AE-856D-2AA408428F33}.R_XE|Any CPU.ActiveCfg = Release|Any CPU
		{E439935D-B2A2-46AE-856D-2AA408428F33}.R_XE|Any CPU.Build.0 = Release|Any CPU
		{E439935D-B2A2-46AE-856D-2AA408428F33}.R_XE|Mixed Platforms.ActiveCfg = Release|Any CPU
		{E439935D-B2A2-46AE-856D-2AA408428F33}.R_XE|Mixed Platforms.Build.0 = Release|Any CPU
		{E439935D-B2A2-46AE-856D-2AA408428F33}.R_XE|Win32.ActiveCfg = Release|Any CPU
	EndGlobalSection
	GlobalSection(SolutionProperties) = preSolution
		HideSolutionNode = FALSE
	EndGlobalSection
	GlobalSection(NestedProjects) = preSolution
		{91E2FF01-98F6-4451-955B-A3BA10625045} = {3F1C45CA-70DD-4D2F-8090-E75E08F9C349}
		{9D2D7037-7A46-4002-AE76-163E9CBF73EE} = {3F1C45CA-70DD-4D2F-8090-E75E08F9C349}
		{CA6076AA-DF2D-442C-8727-0C34AA87314D} = {3F1C45CA-70DD-4D2F-8090-E75E08F9C349}
		{87051121-C4E8-4405-8151-F6A1519C9A19} = {3F1C45CA-70DD-4D2F-8090-E75E08F9C349}
		{434F7ABC-F0C2-4172-A5A1-DEC5371EDBD1} = {3F1C45CA-70DD-4D2F-8090-E75E08F9C349}
		{0D799D79-27D8-4421-B06C-8548D4EEFCFB} = {3F1C45CA-70DD-4D2F-8090-E75E08F9C349}
	EndGlobalSection
EndGlobal
