
Microsoft Visual Studio Solution File, Format Version 12.00
# Visual Studio 2013
VisualStudioVersion = 12.0.40629.0
MinimumVisualStudioVersion = 10.0.40219.1
Project("{8BC9CEB8-8B4A-11D0-8D11-00A0C91BC942}") = "pluto", "pluto.vcxproj", "{54F3D54C-5EEE-4B72-9E3C-849F277A3CD4}"
EndProject
Global
	GlobalSection(SolutionConfigurationPlatforms) = preSolution
		Debug|Win32 = Debug|Win32
		Release|Win32 = Release|Win32
	EndGlobalSection
	GlobalSection(ProjectConfigurationPlatforms) = postSolution
		{54F3D54C-5EEE-4B72-9E3C-849F277A3CD4}.Debug|Win32.ActiveCfg = Debug|Win32
		{54F3D54C-5EEE-4B72-9E3C-849F277A3CD4}.Debug|Win32.Build.0 = Debug|Win32
		{54F3D54C-5EEE-4B72-9E3C-849F277A3CD4}.Release|Win32.ActiveCfg = Release|Win32
		{54F3D54C-5EEE-4B72-9E3C-849F277A3CD4}.Release|Win32.Build.0 = Release|Win32
	EndGlobalSection
	GlobalSection(SolutionProperties) = preSolution
		HideSolutionNode = FALSE
	EndGlobalSection
EndGlobal
