<?xml version="1.0" encoding="utf-8"?>
<Project ToolsVersion="4.0" xmlns="http://schemas.microsoft.com/developer/msbuild/2003">
  <ItemGroup>
    <Filter Include="Source Files">
      <UniqueIdentifier>{4FC737F1-C7A5-4376-A066-2A32D752A2FF}</UniqueIdentifier>
      <Extensions>cpp;c;cc;cxx;def;odl;idl;hpj;bat;asm;asmx</Extensions>
    </Filter>
    <Filter Include="Header Files">
      <UniqueIdentifier>{93995380-89BD-4b04-88EB-625FBE52EBFB}</UniqueIdentifier>
      <Extensions>h;hpp;hxx;hm;inl;inc;xsd</Extensions>
    </Filter>
    <Filter Include="Protocol">
      <UniqueIdentifier>{e17b2b8c-e825-48c8-9e02-56e9697efb5e}</UniqueIdentifier>
    </Filter>
    <Filter Include="FuncObjs">
      <UniqueIdentifier>{aff186cc-ab91-4b53-8da8-7ae55d52dd59}</UniqueIdentifier>
    </Filter>
    <Filter Include="src">
      <UniqueIdentifier>{b1c47282-bbed-4a63-b4f0-f323e02d89fe}</UniqueIdentifier>
    </Filter>
    <Filter Include="src\FuncObjs">
      <UniqueIdentifier>{fec281d8-8a8f-48bc-aad7-6405f4992a38}</UniqueIdentifier>
    </Filter>
    <Filter Include="Common">
      <UniqueIdentifier>{5b110b71-24ff-41d9-aa76-c9471f66a082}</UniqueIdentifier>
    </Filter>
    <Filter Include="src\Common">
      <UniqueIdentifier>{66ef0d3d-eb54-4d3e-9f18-a5613be2e4d6}</UniqueIdentifier>
    </Filter>
    <Filter Include="Script">
      <UniqueIdentifier>{a0985311-4d71-49d5-933e-67489d5c1517}</UniqueIdentifier>
    </Filter>
    <Filter Include="src\Script">
      <UniqueIdentifier>{e2b26069-58d5-4516-9c7e-9eaebfa3f4ca}</UniqueIdentifier>
    </Filter>
    <Filter Include="src\Protocol">
      <UniqueIdentifier>{2186087c-cf53-4691-bdc5-6b50fa5403c5}</UniqueIdentifier>
    </Filter>
    <Filter Include="Net">
      <UniqueIdentifier>{e84f9850-0dd0-45c0-bee3-5c7c717ec607}</UniqueIdentifier>
    </Filter>
    <Filter Include="src\Net">
      <UniqueIdentifier>{7e85ead3-1bdf-44e4-886f-b3fe85105129}</UniqueIdentifier>
    </Filter>
    <Filter Include="AppMix">
      <UniqueIdentifier>{d20e40bb-1bc8-4b5d-9e3a-28b16248af38}</UniqueIdentifier>
    </Filter>
    <Filter Include="src\AppMix">
      <UniqueIdentifier>{062c2abc-8941-4fbf-a7ad-9a97f8188f5a}</UniqueIdentifier>
    </Filter>
    <Filter Include="WgFacility">
      <UniqueIdentifier>{a41f9144-929b-4f71-b90f-02dee7d6a094}</UniqueIdentifier>
    </Filter>
    <Filter Include="src\WgFacility">
      <UniqueIdentifier>{6211e787-1179-480b-8205-e9e2abf55734}</UniqueIdentifier>
    </Filter>
    <Filter Include="WgFacility\Details">
      <UniqueIdentifier>{fae4e1f2-60c0-4f48-84c8-fd055a3a1a51}</UniqueIdentifier>
    </Filter>
    <Filter Include="Actions">
      <UniqueIdentifier>{f23fe46d-5389-47dc-a944-ca4e8cbd6902}</UniqueIdentifier>
    </Filter>
    <Filter Include="src\Actions">
      <UniqueIdentifier>{8a2c236d-9ef1-484d-a901-b0cacccac42f}</UniqueIdentifier>
    </Filter>
    <Filter Include="mfc">
      <UniqueIdentifier>{dd66f3f3-6dda-46e8-83f5-d01927888432}</UniqueIdentifier>
    </Filter>
    <Filter Include="src\mfc">
      <UniqueIdentifier>{3e30c280-5fb7-410d-843a-046e19713e09}</UniqueIdentifier>
    </Filter>
  </ItemGroup>
  <ItemGroup>
    <ClInclude Include="stdafx.h">
      <Filter>Header Files</Filter>
    </ClInclude>
    <ClInclude Include="FuncObjs\FuncObj.h">
      <Filter>FuncObjs</Filter>
    </ClInclude>
    <ClInclude Include="Protocol\P_Defines.h">
      <Filter>Protocol</Filter>
    </ClInclude>
    <ClInclude Include="Protocol\P_BaseStruct.h">
      <Filter>Protocol</Filter>
    </ClInclude>
    <ClInclude Include="FuncObjs\FuncObjInter.h">
      <Filter>FuncObjs</Filter>
    </ClInclude>
    <ClInclude Include="Common\CmnHdr.h">
      <Filter>Common</Filter>
    </ClInclude>
    <ClInclude Include="Common\EnsureCleanup.h">
      <Filter>Common</Filter>
    </ClInclude>
    <ClInclude Include="Common\Hooker.h">
      <Filter>Common</Filter>
    </ClInclude>
    <ClInclude Include="Common\IoCompletionPort.h">
      <Filter>Common</Filter>
    </ClInclude>
    <ClInclude Include="Common\MemOper.h">
      <Filter>Common</Filter>
    </ClInclude>
    <ClInclude Include="Common\Toolhelp.h">
      <Filter>Common</Filter>
    </ClInclude>
    <ClInclude Include="Common\UsefulFunc.h">
      <Filter>Common</Filter>
    </ClInclude>
    <ClInclude Include="Common\WaitChainTraversal.h">
      <Filter>Common</Filter>
    </ClInclude>
    <ClInclude Include="Common\LogOut.h">
      <Filter>Common</Filter>
    </ClInclude>
    <ClInclude Include="Common\Iterator.h">
      <Filter>Common</Filter>
    </ClInclude>
    <ClInclude Include="Common\XmlCfg.h">
      <Filter>Common</Filter>
    </ClInclude>
    <ClInclude Include="Script\lua_base.h">
      <Filter>Script</Filter>
    </ClInclude>
    <ClInclude Include="Common\GObjProxy.h">
      <Filter>Common</Filter>
    </ClInclude>
    <ClInclude Include="Common\UsefulClass.h">
      <Filter>Common</Filter>
    </ClInclude>
    <ClInclude Include="Protocol\P_NormalMsg.h">
      <Filter>Protocol</Filter>
    </ClInclude>
    <ClInclude Include="Common\MultiStrMatchOnTime.h">
      <Filter>Common</Filter>
    </ClInclude>
    <ClInclude Include="Common\JsonMore.h">
      <Filter>Common</Filter>
    </ClInclude>
    <ClInclude Include="Protocol\HijackXmlCfg.h">
      <Filter>Protocol</Filter>
    </ClInclude>
    <ClInclude Include="Common\TupleMore.h">
      <Filter>Common</Filter>
    </ClInclude>
    <ClInclude Include="Common\CrackCaptcha.h">
      <Filter>Common</Filter>
    </ClInclude>
    <ClInclude Include="Common\MakeSecret.h">
      <Filter>Common</Filter>
    </ClInclude>
    <ClInclude Include="Common\Database.h">
      <Filter>Common</Filter>
    </ClInclude>
    <ClInclude Include="Common\UiCtrls.h">
      <Filter>Common</Filter>
    </ClInclude>
    <ClInclude Include="Common\FileMap.h">
      <Filter>Common</Filter>
    </ClInclude>
    <ClInclude Include="Common\GameObjBase.h">
      <Filter>Common</Filter>
    </ClInclude>
    <ClInclude Include="Script\LuaScript.h">
      <Filter>Script</Filter>
    </ClInclude>
    <ClInclude Include="Common\CmnException.h">
      <Filter>Common</Filter>
    </ClInclude>
    <ClInclude Include="Common\CmnPriLuaData.h">
      <Filter>Common</Filter>
    </ClInclude>
    <ClInclude Include="Common\CmnConts.h">
      <Filter>Common</Filter>
    </ClInclude>
    <ClInclude Include="Protocol\P_Coor.h">
      <Filter>Protocol</Filter>
    </ClInclude>
    <ClInclude Include="FuncObjs\FuncObjCoor.h">
      <Filter>FuncObjs</Filter>
    </ClInclude>
    <ClInclude Include="Common\CmnUuid.h">
      <Filter>Common</Filter>
    </ClInclude>
    <ClInclude Include="Protocol\P_PriDefines.h">
      <Filter>Protocol</Filter>
    </ClInclude>
    <ClInclude Include="Common\CmnTaskQueue.h">
      <Filter>Common</Filter>
    </ClInclude>
    <ClInclude Include="DependSelfLib.h">
      <Filter>Header Files</Filter>
    </ClInclude>
    <ClInclude Include="Common\CmnAllocator.h">
      <Filter>Common</Filter>
    </ClInclude>
    <ClInclude Include="Common\CmnImageHlp.h">
      <Filter>Common</Filter>
    </ClInclude>
    <ClInclude Include="Common\CmnDllApi.h">
      <Filter>Common</Filter>
    </ClInclude>
    <ClInclude Include="Common\RegexMore.h">
      <Filter>Common</Filter>
    </ClInclude>
    <ClInclude Include="Net\CmnLoginInfo.h">
      <Filter>Net</Filter>
    </ClInclude>
    <ClInclude Include="Net\DbData.h">
      <Filter>Net</Filter>
    </ClInclude>
    <ClInclude Include="Net\IoConnect.h">
      <Filter>Net</Filter>
    </ClInclude>
    <ClInclude Include="Net\IoTimer.h">
      <Filter>Net</Filter>
    </ClInclude>
    <ClInclude Include="Net\JsonCall.h">
      <Filter>Net</Filter>
    </ClInclude>
    <ClInclude Include="Net\JsonEchoCoorTrans.h">
      <Filter>Net</Filter>
    </ClInclude>
    <ClInclude Include="Net\PocoMore.h">
      <Filter>Net</Filter>
    </ClInclude>
    <ClInclude Include="Net\server.h">
      <Filter>Net</Filter>
    </ClInclude>
    <ClInclude Include="Net\AllocHandler.h">
      <Filter>Net</Filter>
    </ClInclude>
    <ClInclude Include="Net\BufCallCoorTrans.h">
      <Filter>Net</Filter>
    </ClInclude>
    <ClInclude Include="Net\client.h">
      <Filter>Net</Filter>
    </ClInclude>
    <ClInclude Include="Net\CmnLogin.h">
      <Filter>Net</Filter>
    </ClInclude>
    <ClInclude Include="Net\Bufcall_Socket.h">
      <Filter>Net</Filter>
    </ClInclude>
    <ClInclude Include="Net\Bufcall_FileMap.h">
      <Filter>Net</Filter>
    </ClInclude>
    <ClInclude Include="Net\LoginLocalInfo.h">
      <Filter>Net</Filter>
    </ClInclude>
    <ClInclude Include="Common\FE_Env.h">
      <Filter>Common</Filter>
    </ClInclude>
    <ClInclude Include="Common\CmnRecordMap.h">
      <Filter>Common</Filter>
    </ClInclude>
    <ClInclude Include="Net\LoginLocalInfoS.h">
      <Filter>Net</Filter>
    </ClInclude>
    <ClInclude Include="Net\IoService.h">
      <Filter>Net</Filter>
    </ClInclude>
    <ClInclude Include="AppMix\ConsoleUiOper.h">
      <Filter>AppMix</Filter>
    </ClInclude>
    <ClInclude Include="AppMix\GameComponent.h">
      <Filter>AppMix</Filter>
    </ClInclude>
    <ClInclude Include="AppMix\WgLuaVm.h">
      <Filter>AppMix</Filter>
    </ClInclude>
    <ClInclude Include="Script\StateResolver.h">
      <Filter>Script</Filter>
    </ClInclude>
    <ClInclude Include="Script\DmOper.h">
      <Filter>Script</Filter>
    </ClInclude>
    <ClInclude Include="Script\FileSystem.h">
      <Filter>Script</Filter>
    </ClInclude>
    <ClInclude Include="WgFacility\CmnRecvPacket.h">
      <Filter>WgFacility</Filter>
    </ClInclude>
    <ClInclude Include="WgFacility\CmnMapPath.h">
      <Filter>WgFacility</Filter>
    </ClInclude>
    <ClInclude Include="WgFacility\CmnGameStruct.h">
      <Filter>WgFacility</Filter>
    </ClInclude>
    <ClInclude Include="WgFacility\CmnQuestHandler.h">
      <Filter>WgFacility</Filter>
    </ClInclude>
    <ClInclude Include="WgFacility\CmnFilter.h">
      <Filter>WgFacility</Filter>
    </ClInclude>
    <ClInclude Include="AppMix\AppAtpLogin.h">
      <Filter>AppMix</Filter>
    </ClInclude>
    <ClInclude Include="AppMix\AppAtpConsole.h">
      <Filter>AppMix</Filter>
    </ClInclude>
    <ClInclude Include="AppMix\AppAtpGame.h">
      <Filter>AppMix</Filter>
    </ClInclude>
    <ClInclude Include="AppMix\AppAndroidConsole.h">
      <Filter>AppMix</Filter>
    </ClInclude>
    <ClInclude Include="AppMix\AppAndroidGame.h">
      <Filter>AppMix</Filter>
    </ClInclude>
    <ClInclude Include="AppMix\ConsoleComponent.h">
      <Filter>AppMix</Filter>
    </ClInclude>
    <ClInclude Include="AppMix\AndroidExecEnv.h">
      <Filter>AppMix</Filter>
    </ClInclude>
    <ClInclude Include="AppMix\AppExecEnv.h">
      <Filter>AppMix</Filter>
    </ClInclude>
    <ClInclude Include="WgFacility\CmnAStar.h">
      <Filter>WgFacility</Filter>
    </ClInclude>
    <ClInclude Include="WgFacility\CmnShortestPaths.h">
      <Filter>WgFacility</Filter>
    </ClInclude>
    <ClInclude Include="WgFacility\Details\Details.hpp">
      <Filter>WgFacility\Details</Filter>
    </ClInclude>
    <ClInclude Include="WgFacility\CmnSceneHandler.h">
      <Filter>WgFacility</Filter>
    </ClInclude>
    <ClInclude Include="Actions\CA_Action.h">
      <Filter>Actions</Filter>
    </ClInclude>
    <ClInclude Include="AppMix\OnlyGameComponent.h">
      <Filter>AppMix</Filter>
    </ClInclude>
    <ClInclude Include="AppMix\OnlyLoginComponent.h">
      <Filter>AppMix</Filter>
    </ClInclude>
    <ClInclude Include="Actions\CA_Types.h">
      <Filter>Actions</Filter>
    </ClInclude>
    <ClInclude Include="mfc\MfcAcOper.h">
      <Filter>mfc</Filter>
    </ClInclude>
    <ClInclude Include="mfc\MfcMap.h">
      <Filter>mfc</Filter>
    </ClInclude>
  </ItemGroup>
  <ItemGroup>
    <ClCompile Include="src\FuncObjs\FuncObj.cpp">
      <Filter>src\FuncObjs</Filter>
    </ClCompile>
    <ClCompile Include="src\FuncObjs\FuncObjInter.cpp">
      <Filter>src\FuncObjs</Filter>
    </ClCompile>
    <ClCompile Include="src\Common\CmnHdr.cpp">
      <Filter>src\Common</Filter>
    </ClCompile>
    <ClCompile Include="src\Common\EnsureCleanup.cpp">
      <Filter>src\Common</Filter>
    </ClCompile>
    <ClCompile Include="src\Common\Hooker.cpp">
      <Filter>src\Common</Filter>
    </ClCompile>
    <ClCompile Include="src\Common\IoCompletionPort.cpp">
      <Filter>src\Common</Filter>
    </ClCompile>
    <ClCompile Include="src\Common\MemOper.cpp">
      <Filter>src\Common</Filter>
    </ClCompile>
    <ClCompile Include="src\Common\UsefulFunc.cpp">
      <Filter>src\Common</Filter>
    </ClCompile>
    <ClCompile Include="src\Common\WaitChainTraversal.cpp">
      <Filter>src\Common</Filter>
    </ClCompile>
    <ClCompile Include="src\Common\LogOut.cpp">
      <Filter>src\Common</Filter>
    </ClCompile>
    <ClCompile Include="src\Common\XmlCfg.cpp">
      <Filter>src\Common</Filter>
    </ClCompile>
    <ClCompile Include="src\Script\lua_base.cpp">
      <Filter>src\Script</Filter>
    </ClCompile>
    <ClCompile Include="src\Common\UsefulClass.cpp">
      <Filter>src\Common</Filter>
    </ClCompile>
    <ClCompile Include="src\Common\MultiStrMatchOnTime.cpp">
      <Filter>src\Common</Filter>
    </ClCompile>
    <ClCompile Include="stdafx.cpp">
      <Filter>Source Files</Filter>
    </ClCompile>
    <ClCompile Include="src\Common\JsonMore.cpp">
      <Filter>src\Common</Filter>
    </ClCompile>
    <ClCompile Include="src\Protocol\P_NormalMsg.cpp">
      <Filter>src\Protocol</Filter>
    </ClCompile>
    <ClCompile Include="src\Protocol\HijackXmlCfg.cpp">
      <Filter>src\Protocol</Filter>
    </ClCompile>
    <ClCompile Include="src\Common\CrackCaptcha.cpp">
      <Filter>src\Common</Filter>
    </ClCompile>
    <ClCompile Include="src\Common\MakeSecret.cpp">
      <Filter>src\Common</Filter>
    </ClCompile>
    <ClCompile Include="src\Common\Database.cpp">
      <Filter>src\Common</Filter>
    </ClCompile>
    <ClCompile Include="src\Common\UiCtrls.cpp">
      <Filter>src\Common</Filter>
    </ClCompile>
    <ClCompile Include="src\Script\LuaScript.cpp">
      <Filter>src\Script</Filter>
    </ClCompile>
    <ClCompile Include="src\Common\CmnException.cpp">
      <Filter>src\Common</Filter>
    </ClCompile>
    <ClCompile Include="src\Protocol\P_Defines.cpp">
      <Filter>src\Protocol</Filter>
    </ClCompile>
    <ClCompile Include="src\Common\GameObjBase.cpp">
      <Filter>src\Common</Filter>
    </ClCompile>
    <ClCompile Include="src\Common\CmnPriLuaData.cpp">
      <Filter>src\Common</Filter>
    </ClCompile>
    <ClCompile Include="src\FuncObjs\FuncObjCoor.cpp">
      <Filter>src\FuncObjs</Filter>
    </ClCompile>
    <ClCompile Include="src\Common\CmnUuid.cpp">
      <Filter>src\Common</Filter>
    </ClCompile>
    <ClCompile Include="src\Common\CmnImageHlp.cpp">
      <Filter>src\Common</Filter>
    </ClCompile>
    <ClCompile Include="src\Common\CmnDllApi.cpp">
      <Filter>src\Common</Filter>
    </ClCompile>
    <ClCompile Include="src\Common\Toolhelp.cpp">
      <Filter>src\Common</Filter>
    </ClCompile>
    <ClCompile Include="src\Net\CmnLoginInfo.cpp">
      <Filter>src\Net</Filter>
    </ClCompile>
    <ClCompile Include="src\Net\DbData.cpp">
      <Filter>src\Net</Filter>
    </ClCompile>
    <ClCompile Include="src\Net\IoConnect.cpp">
      <Filter>src\Net</Filter>
    </ClCompile>
    <ClCompile Include="src\Net\JsonCall.cpp">
      <Filter>src\Net</Filter>
    </ClCompile>
    <ClCompile Include="src\Net\JsonEchoCoorTrans.cpp">
      <Filter>src\Net</Filter>
    </ClCompile>
    <ClCompile Include="src\Net\PocoMore.cpp">
      <Filter>src\Net</Filter>
    </ClCompile>
    <ClCompile Include="src\Net\server.cpp">
      <Filter>src\Net</Filter>
    </ClCompile>
    <ClCompile Include="src\Net\AllocHandler.cpp">
      <Filter>src\Net</Filter>
    </ClCompile>
    <ClCompile Include="src\Net\BufCallCoorTrans.cpp">
      <Filter>src\Net</Filter>
    </ClCompile>
    <ClCompile Include="src\Net\client.cpp">
      <Filter>src\Net</Filter>
    </ClCompile>
    <ClCompile Include="src\Net\CmnLogin.cpp">
      <Filter>src\Net</Filter>
    </ClCompile>
    <ClCompile Include="src\Net\LoginLocalInfo.cpp">
      <Filter>src\Net</Filter>
    </ClCompile>
    <ClCompile Include="src\Net\Bufcall_Socket.cpp">
      <Filter>src\Net</Filter>
    </ClCompile>
    <ClCompile Include="src\Common\CmnRecordMap.cpp">
      <Filter>src\Common</Filter>
    </ClCompile>
    <ClCompile Include="src\Net\LoginLocalInfoS.cpp">
      <Filter>src\Net</Filter>
    </ClCompile>
    <ClCompile Include="src\AppMix\ConsoleUiOper.cpp">
      <Filter>src\AppMix</Filter>
    </ClCompile>
    <ClCompile Include="src\AppMix\GameComponent.cpp">
      <Filter>src\AppMix</Filter>
    </ClCompile>
    <ClCompile Include="src\AppMix\WgLuaVm.cpp">
      <Filter>src\AppMix</Filter>
    </ClCompile>
    <ClCompile Include="src\Script\StateResolver.cpp">
      <Filter>src\Script</Filter>
    </ClCompile>
    <ClCompile Include="src\Script\DmOper.cpp">
      <Filter>src\Script</Filter>
    </ClCompile>
    <ClCompile Include="src\Script\FileSystem.cpp">
      <Filter>src\Script</Filter>
    </ClCompile>
    <ClCompile Include="src\WgFacility\CmnRecvPacket.cpp">
      <Filter>src\WgFacility</Filter>
    </ClCompile>
    <ClCompile Include="src\WgFacility\CmnMapPath.cpp">
      <Filter>src\WgFacility</Filter>
    </ClCompile>
    <ClCompile Include="src\WgFacility\CmnGameStruct.cpp">
      <Filter>src\WgFacility</Filter>
    </ClCompile>
    <ClCompile Include="src\AppMix\AppAtpLogin.cpp">
      <Filter>src\AppMix</Filter>
    </ClCompile>
    <ClCompile Include="src\AppMix\AppAtpConsole.cpp">
      <Filter>src\AppMix</Filter>
    </ClCompile>
    <ClCompile Include="src\AppMix\AppAtpGame.cpp">
      <Filter>src\AppMix</Filter>
    </ClCompile>
    <ClCompile Include="src\AppMix\AppAndroidConsole.cpp">
      <Filter>src\AppMix</Filter>
    </ClCompile>
    <ClCompile Include="src\AppMix\AppAndroidGame.cpp">
      <Filter>src\AppMix</Filter>
    </ClCompile>
    <ClCompile Include="src\AppMix\ConsoleComponent.cpp">
      <Filter>src\AppMix</Filter>
    </ClCompile>
    <ClCompile Include="src\AppMix\AndroidExecEnv.cpp">
      <Filter>src\AppMix</Filter>
    </ClCompile>
    <ClCompile Include="src\AppMix\AppExecEnv.cpp">
      <Filter>src\AppMix</Filter>
    </ClCompile>
    <ClCompile Include="src\WgFacility\CmnSceneHandler.cpp">
      <Filter>src\WgFacility</Filter>
    </ClCompile>
    <ClCompile Include="src\WgFacility\CmnQuestHandler.cpp">
      <Filter>src\WgFacility</Filter>
    </ClCompile>
    <ClCompile Include="src\AppMix\OnlyGameComponent.cpp">
      <Filter>src\AppMix</Filter>
    </ClCompile>
    <ClCompile Include="src\AppMix\OnlyLoginComponent.cpp">
      <Filter>src\AppMix</Filter>
    </ClCompile>
    <ClCompile Include="src\Actions\CA_Action.cpp">
      <Filter>src\Actions</Filter>
    </ClCompile>
    <ClCompile Include="src\mfc\MfcAcOper.cpp">
      <Filter>src\mfc</Filter>
    </ClCompile>
    <ClCompile Include="src\mfc\MfcMap.cpp">
      <Filter>src\mfc</Filter>
    </ClCompile>
  </ItemGroup>
  <ItemGroup>
    <Text Include="ReadMe.txt" />
  </ItemGroup>
</Project>