
Microsoft Visual Studio Solution File, Format Version 12.00
# Visual Studio 2013
VisualStudioVersion = 12.0.40629.0
MinimumVisualStudioVersion = 10.0.40219.1
Project("{8BC9CEB8-8B4A-11D0-8D11-00A0C91BC942}") = "AutoUpdate", "AutoUpdate\AutoUpdate.vcxproj", "{71AC6B6C-43D3-4637-8506-B103A60802C5}"
EndProject
Project("{2150E333-8FDC-42A3-9474-1A3956D46DE8}") = "Frame", "Frame", "{8696E068-8B10-4540-A142-A395287DF889}"
EndProject
Project("{8BC9CEB8-8B4A-11D0-8D11-00A0C91BC942}") = "AssetSys", "..\..\..\Frame\AssetSys\AssetSystem.vcxproj", "{0D799D79-27D8-4421-B06C-8548D4EEFCFB}"
EndProject
Project("{8BC9CEB8-8B4A-11D0-8D11-00A0C91BC942}") = "Public", "..\..\..\Frame\Public\Public.vcxproj", "{91E2FF01-98F6-4451-955B-A3BA10625045}"
EndProject
Project("{8BC9CEB8-8B4A-11D0-8D11-00A0C91BC942}") = "PublicX", "..\..\..\Frame\PublicX\PublicX.vcxproj", "{9D2D7037-7A46-4002-AE76-163E9CBF73EE}"
EndProject
Project("{8BC9CEB8-8B4A-11D0-8D11-00A0C91BC942}") = "PubMix", "..\..\..\Frame\PubMix\PubMix.vcxproj", "{CA6076AA-DF2D-442C-8727-0C34AA87314D}"
EndProject
Global
	GlobalSection(SolutionConfigurationPlatforms) = preSolution
		Debug|Win32 = Debug|Win32
		gj_d|Win32 = gj_d|Win32
		gj3_d|Win32 = gj3_d|Win32
		R_LE|Win32 = R_LE|Win32
		R_LI|Win32 = R_LI|Win32
		Release|Win32 = Release|Win32
	EndGlobalSection
	GlobalSection(ProjectConfigurationPlatforms) = postSolution
		{71AC6B6C-43D3-4637-8506-B103A60802C5}.Debug|Win32.ActiveCfg = Debug|Win32
		{71AC6B6C-43D3-4637-8506-B103A60802C5}.Debug|Win32.Build.0 = Debug|Win32
		{71AC6B6C-43D3-4637-8506-B103A60802C5}.gj_d|Win32.ActiveCfg = gj_d|Win32
		{71AC6B6C-43D3-4637-8506-B103A60802C5}.gj_d|Win32.Build.0 = gj_d|Win32
		{71AC6B6C-43D3-4637-8506-B103A60802C5}.gj3_d|Win32.ActiveCfg = gj3_d|Win32
		{71AC6B6C-43D3-4637-8506-B103A60802C5}.gj3_d|Win32.Build.0 = gj3_d|Win32
		{71AC6B6C-43D3-4637-8506-B103A60802C5}.R_LE|Win32.ActiveCfg = Release|Win32
		{71AC6B6C-43D3-4637-8506-B103A60802C5}.R_LE|Win32.Build.0 = Release|Win32
		{71AC6B6C-43D3-4637-8506-B103A60802C5}.R_LI|Win32.ActiveCfg = Release|Win32
		{71AC6B6C-43D3-4637-8506-B103A60802C5}.R_LI|Win32.Build.0 = Release|Win32
		{71AC6B6C-43D3-4637-8506-B103A60802C5}.Release|Win32.ActiveCfg = Release|Win32
		{71AC6B6C-43D3-4637-8506-B103A60802C5}.Release|Win32.Build.0 = Release|Win32
		{0D799D79-27D8-4421-B06C-8548D4EEFCFB}.Debug|Win32.ActiveCfg = Debug|Win32
		{0D799D79-27D8-4421-B06C-8548D4EEFCFB}.Debug|Win32.Build.0 = Debug|Win32
		{0D799D79-27D8-4421-B06C-8548D4EEFCFB}.gj_d|Win32.ActiveCfg = Release|Win32
		{0D799D79-27D8-4421-B06C-8548D4EEFCFB}.gj_d|Win32.Build.0 = Release|Win32
		{0D799D79-27D8-4421-B06C-8548D4EEFCFB}.gj3_d|Win32.ActiveCfg = Release|Win32
		{0D799D79-27D8-4421-B06C-8548D4EEFCFB}.gj3_d|Win32.Build.0 = Release|Win32
		{0D799D79-27D8-4421-B06C-8548D4EEFCFB}.R_LE|Win32.ActiveCfg = Release|Win32
		{0D799D79-27D8-4421-B06C-8548D4EEFCFB}.R_LE|Win32.Build.0 = Release|Win32
		{0D799D79-27D8-4421-B06C-8548D4EEFCFB}.R_LI|Win32.ActiveCfg = Release|Win32
		{0D799D79-27D8-4421-B06C-8548D4EEFCFB}.R_LI|Win32.Build.0 = Release|Win32
		{0D799D79-27D8-4421-B06C-8548D4EEFCFB}.Release|Win32.ActiveCfg = Release|Win32
		{0D799D79-27D8-4421-B06C-8548D4EEFCFB}.Release|Win32.Build.0 = Release|Win32
		{91E2FF01-98F6-4451-955B-A3BA10625045}.Debug|Win32.ActiveCfg = DEBUG|Win32
		{91E2FF01-98F6-4451-955B-A3BA10625045}.Debug|Win32.Build.0 = DEBUG|Win32
		{91E2FF01-98F6-4451-955B-A3BA10625045}.gj_d|Win32.ActiveCfg = R_LI|Win32
		{91E2FF01-98F6-4451-955B-A3BA10625045}.gj_d|Win32.Build.0 = R_LI|Win32
		{91E2FF01-98F6-4451-955B-A3BA10625045}.gj3_d|Win32.ActiveCfg = R_LI|Win32
		{91E2FF01-98F6-4451-955B-A3BA10625045}.gj3_d|Win32.Build.0 = R_LI|Win32
		{91E2FF01-98F6-4451-955B-A3BA10625045}.R_LE|Win32.ActiveCfg = R_LE|Win32
		{91E2FF01-98F6-4451-955B-A3BA10625045}.R_LE|Win32.Build.0 = R_LE|Win32
		{91E2FF01-98F6-4451-955B-A3BA10625045}.R_LI|Win32.ActiveCfg = R_LI|Win32
		{91E2FF01-98F6-4451-955B-A3BA10625045}.R_LI|Win32.Build.0 = R_LI|Win32
		{91E2FF01-98F6-4451-955B-A3BA10625045}.Release|Win32.ActiveCfg = R_LI|Win32
		{91E2FF01-98F6-4451-955B-A3BA10625045}.Release|Win32.Build.0 = R_LI|Win32
		{9D2D7037-7A46-4002-AE76-163E9CBF73EE}.Debug|Win32.ActiveCfg = Debug|Win32
		{9D2D7037-7A46-4002-AE76-163E9CBF73EE}.Debug|Win32.Build.0 = Debug|Win32
		{9D2D7037-7A46-4002-AE76-163E9CBF73EE}.gj_d|Win32.ActiveCfg = Release|Win32
		{9D2D7037-7A46-4002-AE76-163E9CBF73EE}.gj_d|Win32.Build.0 = Release|Win32
		{9D2D7037-7A46-4002-AE76-163E9CBF73EE}.gj3_d|Win32.ActiveCfg = Release|Win32
		{9D2D7037-7A46-4002-AE76-163E9CBF73EE}.gj3_d|Win32.Build.0 = Release|Win32
		{9D2D7037-7A46-4002-AE76-163E9CBF73EE}.R_LE|Win32.ActiveCfg = Release|Win32
		{9D2D7037-7A46-4002-AE76-163E9CBF73EE}.R_LE|Win32.Build.0 = Release|Win32
		{9D2D7037-7A46-4002-AE76-163E9CBF73EE}.R_LI|Win32.ActiveCfg = Release|Win32
		{9D2D7037-7A46-4002-AE76-163E9CBF73EE}.R_LI|Win32.Build.0 = Release|Win32
		{9D2D7037-7A46-4002-AE76-163E9CBF73EE}.Release|Win32.ActiveCfg = Release|Win32
		{9D2D7037-7A46-4002-AE76-163E9CBF73EE}.Release|Win32.Build.0 = Release|Win32
		{CA6076AA-DF2D-442C-8727-0C34AA87314D}.Debug|Win32.ActiveCfg = Debug|Win32
		{CA6076AA-DF2D-442C-8727-0C34AA87314D}.Debug|Win32.Build.0 = Debug|Win32
		{CA6076AA-DF2D-442C-8727-0C34AA87314D}.gj_d|Win32.ActiveCfg = R_LI|Win32
		{CA6076AA-DF2D-442C-8727-0C34AA87314D}.gj_d|Win32.Build.0 = R_LI|Win32
		{CA6076AA-DF2D-442C-8727-0C34AA87314D}.gj3_d|Win32.ActiveCfg = R_LI|Win32
		{CA6076AA-DF2D-442C-8727-0C34AA87314D}.gj3_d|Win32.Build.0 = R_LI|Win32
		{CA6076AA-DF2D-442C-8727-0C34AA87314D}.R_LE|Win32.ActiveCfg = R_LE|Win32
		{CA6076AA-DF2D-442C-8727-0C34AA87314D}.R_LE|Win32.Build.0 = R_LE|Win32
		{CA6076AA-DF2D-442C-8727-0C34AA87314D}.R_LI|Win32.ActiveCfg = R_LI|Win32
		{CA6076AA-DF2D-442C-8727-0C34AA87314D}.R_LI|Win32.Build.0 = R_LI|Win32
		{CA6076AA-DF2D-442C-8727-0C34AA87314D}.Release|Win32.ActiveCfg = R_LI|Win32
		{CA6076AA-DF2D-442C-8727-0C34AA87314D}.Release|Win32.Build.0 = R_LI|Win32
	EndGlobalSection
	GlobalSection(SolutionProperties) = preSolution
		HideSolutionNode = FALSE
	EndGlobalSection
	GlobalSection(NestedProjects) = preSolution
		{0D799D79-27D8-4421-B06C-8548D4EEFCFB} = {8696E068-8B10-4540-A142-A395287DF889}
		{91E2FF01-98F6-4451-955B-A3BA10625045} = {8696E068-8B10-4540-A142-A395287DF889}
		{9D2D7037-7A46-4002-AE76-163E9CBF73EE} = {8696E068-8B10-4540-A142-A395287DF889}
		{CA6076AA-DF2D-442C-8727-0C34AA87314D} = {8696E068-8B10-4540-A142-A395287DF889}
	EndGlobalSection
EndGlobal
