<?xml version="1.0" encoding="UTF-8"?>
<Project ToolsVersion="12.0" xmlns="http://schemas.microsoft.com/developer/msbuild/2003">
  <ItemGroup>
    <CustomBuild Include="F:\proj\lua\wxLua\wxLuaBuild\CMakeFiles\13af3f6b4cace784f6dcdc3a400fc751\PACKAGE_force.rule">
      <Filter>CMake Rules</Filter>
    </CustomBuild>
  </ItemGroup>
  <ItemGroup>
    <Filter Include="CMake Rules">
      <UniqueIdentifier>{21FA7705-5862-39D1-ADA2-F8B3DFC08099}</UniqueIdentifier>
    </Filter>
  </ItemGroup>
</Project>
