<?xml version="1.0" encoding="utf-8"?>
<Project ToolsVersion="4.0" xmlns="http://schemas.microsoft.com/developer/msbuild/2003">
  <ItemGroup>
    <Filter Include="Source Files">
      <UniqueIdentifier>{4FC737F1-C7A5-4376-A066-2A32D752A2FF}</UniqueIdentifier>
      <Extensions>cpp;c;cc;cxx;def;odl;idl;hpj;bat;asm;asmx</Extensions>
    </Filter>
    <Filter Include="Header Files">
      <UniqueIdentifier>{93995380-89BD-4b04-88EB-625FBE52EBFB}</UniqueIdentifier>
      <Extensions>h;hh;hpp;hxx;hm;inl;inc;xsd</Extensions>
    </Filter>
  </ItemGroup>
  <ItemGroup>
    <ClCompile Include="src\lstate.c">
      <Filter>Source Files</Filter>
    </ClCompile>
    <ClCompile Include="src\lstring.c">
      <Filter>Source Files</Filter>
    </ClCompile>
    <ClCompile Include="src\lstrlib.c">
      <Filter>Source Files</Filter>
    </ClCompile>
    <ClCompile Include="src\ltable.c">
      <Filter>Source Files</Filter>
    </ClCompile>
    <ClCompile Include="src\ltablib.c">
      <Filter>Source Files</Filter>
    </ClCompile>
    <ClCompile Include="src\ltm.c">
      <Filter>Source Files</Filter>
    </ClCompile>
    <ClCompile Include="src\lundump.c">
      <Filter>Source Files</Filter>
    </ClCompile>
    <ClCompile Include="src\lvm.c">
      <Filter>Source Files</Filter>
    </ClCompile>
    <ClCompile Include="src\lzio.c">
      <Filter>Source Files</Filter>
    </ClCompile>
    <ClCompile Include="src\lapi.c">
      <Filter>Source Files</Filter>
    </ClCompile>
    <ClCompile Include="src\lauxlib.c">
      <Filter>Source Files</Filter>
    </ClCompile>
    <ClCompile Include="src\lbaselib.c">
      <Filter>Source Files</Filter>
    </ClCompile>
    <ClCompile Include="src\lcode.c">
      <Filter>Source Files</Filter>
    </ClCompile>
    <ClCompile Include="src\ldblib.c">
      <Filter>Source Files</Filter>
    </ClCompile>
    <ClCompile Include="src\ldebug.c">
      <Filter>Source Files</Filter>
    </ClCompile>
    <ClCompile Include="src\ldo.c">
      <Filter>Source Files</Filter>
    </ClCompile>
    <ClCompile Include="src\ldump.c">
      <Filter>Source Files</Filter>
    </ClCompile>
    <ClCompile Include="src\lfunc.c">
      <Filter>Source Files</Filter>
    </ClCompile>
    <ClCompile Include="src\lgc.c">
      <Filter>Source Files</Filter>
    </ClCompile>
    <ClCompile Include="src\linit.c">
      <Filter>Source Files</Filter>
    </ClCompile>
    <ClCompile Include="src\liolib.c">
      <Filter>Source Files</Filter>
    </ClCompile>
    <ClCompile Include="src\llex.c">
      <Filter>Source Files</Filter>
    </ClCompile>
    <ClCompile Include="src\lmathlib.c">
      <Filter>Source Files</Filter>
    </ClCompile>
    <ClCompile Include="src\lmem.c">
      <Filter>Source Files</Filter>
    </ClCompile>
    <ClCompile Include="src\loadlib.c">
      <Filter>Source Files</Filter>
    </ClCompile>
    <ClCompile Include="src\lobject.c">
      <Filter>Source Files</Filter>
    </ClCompile>
    <ClCompile Include="src\lopcodes.c">
      <Filter>Source Files</Filter>
    </ClCompile>
    <ClCompile Include="src\loslib.c">
      <Filter>Source Files</Filter>
    </ClCompile>
    <ClCompile Include="src\lparser.c">
      <Filter>Source Files</Filter>
    </ClCompile>
    <ClCompile Include="src\lbitlib.c">
      <Filter>Source Files</Filter>
    </ClCompile>
    <ClCompile Include="src\MyLua.c">
      <Filter>Source Files</Filter>
    </ClCompile>
  </ItemGroup>
  <ItemGroup>
    <ClInclude Include="lstate.h">
      <Filter>Header Files</Filter>
    </ClInclude>
    <ClInclude Include="lstring.h">
      <Filter>Header Files</Filter>
    </ClInclude>
    <ClInclude Include="ltable.h">
      <Filter>Header Files</Filter>
    </ClInclude>
    <ClInclude Include="ltm.h">
      <Filter>Header Files</Filter>
    </ClInclude>
    <ClInclude Include="lua.h">
      <Filter>Header Files</Filter>
    </ClInclude>
    <ClInclude Include="luaconf.h">
      <Filter>Header Files</Filter>
    </ClInclude>
    <ClInclude Include="lualib.h">
      <Filter>Header Files</Filter>
    </ClInclude>
    <ClInclude Include="lundump.h">
      <Filter>Header Files</Filter>
    </ClInclude>
    <ClInclude Include="lvm.h">
      <Filter>Header Files</Filter>
    </ClInclude>
    <ClInclude Include="lzio.h">
      <Filter>Header Files</Filter>
    </ClInclude>
    <ClInclude Include="lapi.h">
      <Filter>Header Files</Filter>
    </ClInclude>
    <ClInclude Include="lauxlib.h">
      <Filter>Header Files</Filter>
    </ClInclude>
    <ClInclude Include="lcode.h">
      <Filter>Header Files</Filter>
    </ClInclude>
    <ClInclude Include="ldebug.h">
      <Filter>Header Files</Filter>
    </ClInclude>
    <ClInclude Include="ldo.h">
      <Filter>Header Files</Filter>
    </ClInclude>
    <ClInclude Include="lfunc.h">
      <Filter>Header Files</Filter>
    </ClInclude>
    <ClInclude Include="lgc.h">
      <Filter>Header Files</Filter>
    </ClInclude>
    <ClInclude Include="llex.h">
      <Filter>Header Files</Filter>
    </ClInclude>
    <ClInclude Include="llimits.h">
      <Filter>Header Files</Filter>
    </ClInclude>
    <ClInclude Include="lmem.h">
      <Filter>Header Files</Filter>
    </ClInclude>
    <ClInclude Include="lobject.h">
      <Filter>Header Files</Filter>
    </ClInclude>
    <ClInclude Include="lopcodes.h">
      <Filter>Header Files</Filter>
    </ClInclude>
    <ClInclude Include="lparser.h">
      <Filter>Header Files</Filter>
    </ClInclude>
    <ClInclude Include="MyLua.h">
      <Filter>Header Files</Filter>
    </ClInclude>
  </ItemGroup>
</Project>